// !$*UTF8*$!
{
	archiveVersion = 1;
	classes = {
	};
	objectVersion = 46;
	objects = {

/* Begin PBXBuildFile section */
		85311F231C9172D900DDD3D3 /* TAOrderTrainTableViewCell.m in Sources */ = {isa = PBXBuildFile; fileRef = 85311F221C9172D900DDD3D3 /* TAOrderTrainTableViewCell.m */; };
		85A73D871C8D5D930019F384 /* main.m in Sources */ = {isa = PBXBuildFile; fileRef = 85A73D861C8D5D930019F384 /* main.m */; };
		85A73D8A1C8D5D930019F384 /* AppDelegate.m in Sources */ = {isa = PBXBuildFile; fileRef = 85A73D891C8D5D930019F384 /* AppDelegate.m */; };
		85A73D8D1C8D5D930019F384 /* ViewController.m in Sources */ = {isa = PBXBuildFile; fileRef = 85A73D8C1C8D5D930019F384 /* ViewController.m */; };
		85A73D901C8D5D930019F384 /* Main.storyboard in Resources */ = {isa = PBXBuildFile; fileRef = 85A73D8E1C8D5D930019F384 /* Main.storyboard */; };
		85A73D921C8D5D930019F384 /* Assets.xcassets in Resources */ = {isa = PBXBuildFile; fileRef = 85A73D911C8D5D930019F384 /* Assets.xcassets */; };
		85A73D951C8D5D930019F384 /* LaunchScreen.storyboard in Resources */ = {isa = PBXBuildFile; fileRef = 85A73D931C8D5D930019F384 /* LaunchScreen.storyboard */; };
		85A73DA01C8D5D930019F384 /* TrainTests.m in Sources */ = {isa = PBXBuildFile; fileRef = 85A73D9F1C8D5D930019F384 /* TrainTests.m */; };
		85A73DAB1C8D5D930019F384 /* TrainUITests.m in Sources */ = {isa = PBXBuildFile; fileRef = 85A73DAA1C8D5D930019F384 /* TrainUITests.m */; };
		85A73DBA1C8D71340019F384 /* BBJavaScriptBridge.m in Sources */ = {isa = PBXBuildFile; fileRef = 85A73DB91C8D71340019F384 /* BBJavaScriptBridge.m */; };
		85A73DBD1C8D74620019F384 /* BBJavaScriptContext.m in Sources */ = {isa = PBXBuildFile; fileRef = 85A73DBC1C8D74620019F384 /* BBJavaScriptContext.m */; };
		85A73DC01C8D78910019F384 /* BBAction.m in Sources */ = {isa = PBXBuildFile; fileRef = 85A73DBF1C8D78910019F384 /* BBAction.m */; };
		85A73DC31C8D79680019F384 /* BBRow.m in Sources */ = {isa = PBXBuildFile; fileRef = 85A73DC21C8D79680019F384 /* BBRow.m */; };
		85A73DC61C8D7A8B0019F384 /* JSContext.m in Sources */ = {isa = PBXBuildFile; fileRef = 85A73DC51C8D7A8B0019F384 /* JSContext.m */; };
		85A73DC91C8D7B4E0019F384 /* BBJavaScriptCoreContext.m in Sources */ = {isa = PBXBuildFile; fileRef = 85A73DC81C8D7B4E0019F384 /* BBJavaScriptCoreContext.m */; };
		85A73DCC1C8D7BF20019F384 /* BBWebViewContext.m in Sources */ = {isa = PBXBuildFile; fileRef = 85A73DCB1C8D7BF20019F384 /* BBWebViewContext.m */; };
		85A73DCF1C8E7CD80019F384 /* BBWebViewAJAXProtocol.m in Sources */ = {isa = PBXBuildFile; fileRef = 85A73DCE1C8E7CD80019F384 /* BBWebViewAJAXProtocol.m */; };
		85A73DD21C8EA35A0019F384 /* BBTableViewController.m in Sources */ = {isa = PBXBuildFile; fileRef = 85A73DD11C8EA35A0019F384 /* BBTableViewController.m */; };
		85A73DD51C8EB5E60019F384 /* BBTableView.m in Sources */ = {isa = PBXBuildFile; fileRef = 85A73DD41C8EB5E60019F384 /* BBTableView.m */; };
		85A73DE71C8ED2B20019F384 /* BBRoot.m in Sources */ = {isa = PBXBuildFile; fileRef = 85A73DE61C8ED2B20019F384 /* BBRoot.m */; };
		85A73DEA1C8ED2F50019F384 /* BBAttribute.m in Sources */ = {isa = PBXBuildFile; fileRef = 85A73DE91C8ED2F50019F384 /* BBAttribute.m */; };
		85A73DED1C8ED3690019F384 /* BBCollectionView.m in Sources */ = {isa = PBXBuildFile; fileRef = 85A73DEC1C8ED3690019F384 /* BBCollectionView.m */; };
		85A73DF01C8ED8F60019F384 /* BBUtil.m in Sources */ = {isa = PBXBuildFile; fileRef = 85A73DEF1C8ED8F60019F384 /* BBUtil.m */; };
		85A73E9E1C900A320019F384 /* BBAccessoryButton.m in Sources */ = {isa = PBXBuildFile; fileRef = 85A73DF51C900A310019F384 /* BBAccessoryButton.m */; };
		85A73E9F1C900A320019F384 /* BBAction(Calendar).m in Sources */ = {isa = PBXBuildFile; fileRef = 85A73DF71C900A310019F384 /* BBAction(Calendar).m */; };
		85A73EA01C900A320019F384 /* BBAction(Flurry).m in Sources */ = {isa = PBXBuildFile; fileRef = 85A73DF91C900A310019F384 /* BBAction(Flurry).m */; };
		85A73EA11C900A320019F384 /* BBActionSheet.m in Sources */ = {isa = PBXBuildFile; fileRef = 85A73DFB1C900A310019F384 /* BBActionSheet.m */; };
		85A73EA21C900A320019F384 /* BBAddPassesViewController.m in Sources */ = {isa = PBXBuildFile; fileRef = 85A73DFD1C900A310019F384 /* BBAddPassesViewController.m */; };
		85A73EA31C900A320019F384 /* BBAlertView.m in Sources */ = {isa = PBXBuildFile; fileRef = 85A73DFF1C900A310019F384 /* BBAlertView.m */; };
		85A73EA41C900A320019F384 /* BBAppDelegate.m in Sources */ = {isa = PBXBuildFile; fileRef = 85A73E011C900A310019F384 /* BBAppDelegate.m */; };
		85A73EA51C900A320019F384 /* BBBadgeLabel.m in Sources */ = {isa = PBXBuildFile; fileRef = 85A73E031C900A310019F384 /* BBBadgeLabel.m */; };
		85A73EA61C900A320019F384 /* BBBadgeRow.m in Sources */ = {isa = PBXBuildFile; fileRef = 85A73E051C900A310019F384 /* BBBadgeRow.m */; };
		85A73EA71C900A320019F384 /* BBBadgeTableViewCell.m in Sources */ = {isa = PBXBuildFile; fileRef = 85A73E071C900A310019F384 /* BBBadgeTableViewCell.m */; };
		85A73EA81C900A320019F384 /* BBBarButtonItem.m in Sources */ = {isa = PBXBuildFile; fileRef = 85A73E091C900A310019F384 /* BBBarButtonItem.m */; };
		85A73EA91C900A320019F384 /* BBButton.m in Sources */ = {isa = PBXBuildFile; fileRef = 85A73E0B1C900A310019F384 /* BBButton.m */; };
		85A73EAA1C900A320019F384 /* BBButtonGroup.m in Sources */ = {isa = PBXBuildFile; fileRef = 85A73E0D1C900A310019F384 /* BBButtonGroup.m */; };
		85A73EAB1C900A320019F384 /* BBButtonGroupRow.m in Sources */ = {isa = PBXBuildFile; fileRef = 85A73E0F1C900A310019F384 /* BBButtonGroupRow.m */; };
		85A73EAC1C900A320019F384 /* BBButtonGroupTableViewCell.m in Sources */ = {isa = PBXBuildFile; fileRef = 85A73E111C900A310019F384 /* BBButtonGroupTableViewCell.m */; };
		85A73EAD1C900A320019F384 /* BBButtonRow.m in Sources */ = {isa = PBXBuildFile; fileRef = 85A73E131C900A310019F384 /* BBButtonRow.m */; };
		85A73EAE1C900A320019F384 /* BBButtonTableViewCell.m in Sources */ = {isa = PBXBuildFile; fileRef = 85A73E151C900A310019F384 /* BBButtonTableViewCell.m */; };
		85A73EAF1C900A320019F384 /* BBCalendarRow.m in Sources */ = {isa = PBXBuildFile; fileRef = 85A73E171C900A310019F384 /* BBCalendarRow.m */; };
		85A73EB01C900A320019F384 /* BBCalendarViewController.m in Sources */ = {isa = PBXBuildFile; fileRef = 85A73E191C900A310019F384 /* BBCalendarViewController.m */; };
		85A73EB11C900A320019F384 /* BBCaptchaRow.m in Sources */ = {isa = PBXBuildFile; fileRef = 85A73E1B1C900A310019F384 /* BBCaptchaRow.m */; };
		85A73EB21C900A320019F384 /* BBCaptchaView.m in Sources */ = {isa = PBXBuildFile; fileRef = 85A73E1D1C900A310019F384 /* BBCaptchaView.m */; };
		85A73EB31C900A320019F384 /* BBCodeReader.m in Sources */ = {isa = PBXBuildFile; fileRef = 85A73E1F1C900A310019F384 /* BBCodeReader.m */; };
		85A73EB41C900A320019F384 /* BBCodeView.m in Sources */ = {isa = PBXBuildFile; fileRef = 85A73E211C900A310019F384 /* BBCodeView.m */; };
		85A73EB51C900A320019F384 /* BBCollectionSeparatorView.m in Sources */ = {isa = PBXBuildFile; fileRef = 85A73E231C900A310019F384 /* BBCollectionSeparatorView.m */; };
		85A73EB61C900A320019F384 /* BBCollectionViewCell.m in Sources */ = {isa = PBXBuildFile; fileRef = 85A73E251C900A310019F384 /* BBCollectionViewCell.m */; };
		85A73EB71C900A320019F384 /* BBCollectionViewController.m in Sources */ = {isa = PBXBuildFile; fileRef = 85A73E271C900A310019F384 /* BBCollectionViewController.m */; };
		85A73EB81C900A320019F384 /* BBCollectionViewDataSource.m in Sources */ = {isa = PBXBuildFile; fileRef = 85A73E291C900A310019F384 /* BBCollectionViewDataSource.m */; };
		85A73EB91C900A320019F384 /* BBCollectionViewDelegate.m in Sources */ = {isa = PBXBuildFile; fileRef = 85A73E2B1C900A310019F384 /* BBCollectionViewDelegate.m */; };
		85A73EBA1C900A320019F384 /* BBCollectionViewSeparatorLayout.m in Sources */ = {isa = PBXBuildFile; fileRef = 85A73E2D1C900A310019F384 /* BBCollectionViewSeparatorLayout.m */; };
		85A73EBB1C900A320019F384 /* BBDateRow.m in Sources */ = {isa = PBXBuildFile; fileRef = 85A73E2F1C900A310019F384 /* BBDateRow.m */; };
		85A73EBC1C900A320019F384 /* BBDateTableViewCell.m in Sources */ = {isa = PBXBuildFile; fileRef = 85A73E311C900A310019F384 /* BBDateTableViewCell.m */; };
		85A73EBD1C900A320019F384 /* BBFieldRow.m in Sources */ = {isa = PBXBuildFile; fileRef = 85A73E331C900A310019F384 /* BBFieldRow.m */; };
		85A73EBE1C900A320019F384 /* BBFieldTableViewCell.m in Sources */ = {isa = PBXBuildFile; fileRef = 85A73E351C900A310019F384 /* BBFieldTableViewCell.m */; };
		85A73EBF1C900A320019F384 /* BBGoogleAdRow.m in Sources */ = {isa = PBXBuildFile; fileRef = 85A73E371C900A310019F384 /* BBGoogleAdRow.m */; };
		85A73EC01C900A320019F384 /* BBGridRow.m in Sources */ = {isa = PBXBuildFile; fileRef = 85A73E391C900A310019F384 /* BBGridRow.m */; };
		85A73EC11C900A320019F384 /* BBGridSection.m in Sources */ = {isa = PBXBuildFile; fileRef = 85A73E3B1C900A310019F384 /* BBGridSection.m */; };
		85A73EC21C900A320019F384 /* BBGridTableViewCell.m in Sources */ = {isa = PBXBuildFile; fileRef = 85A73E3D1C900A310019F384 /* BBGridTableViewCell.m */; };
		85A73EC31C900A320019F384 /* BBHtmlRow.m in Sources */ = {isa = PBXBuildFile; fileRef = 85A73E3F1C900A310019F384 /* BBHtmlRow.m */; };
		85A73EC41C900A320019F384 /* BBHtmlTableViewCell.m in Sources */ = {isa = PBXBuildFile; fileRef = 85A73E411C900A310019F384 /* BBHtmlTableViewCell.m */; };
		85A73EC51C900A320019F384 /* BBHTTPRequestSerializer.m in Sources */ = {isa = PBXBuildFile; fileRef = 85A73E431C900A310019F384 /* BBHTTPRequestSerializer.m */; };
		85A73EC61C900A320019F384 /* BBIconFont.m in Sources */ = {isa = PBXBuildFile; fileRef = 85A73E451C900A310019F384 /* BBIconFont.m */; };
		85A73EC71C900A320019F384 /* BBIconFont(FontAwesome).m in Sources */ = {isa = PBXBuildFile; fileRef = 85A73E471C900A310019F384 /* BBIconFont(FontAwesome).m */; };
		85A73EC81C900A320019F384 /* BBIconFont(ZXIcon).m in Sources */ = {isa = PBXBuildFile; fileRef = 85A73E491C900A310019F384 /* BBIconFont(ZXIcon).m */; };
		85A73EC91C900A320019F384 /* BBImagePageRow.m in Sources */ = {isa = PBXBuildFile; fileRef = 85A73E4B1C900A310019F384 /* BBImagePageRow.m */; };
		85A73ECA1C900A320019F384 /* BBImagePageTableViewCell.m in Sources */ = {isa = PBXBuildFile; fileRef = 85A73E4D1C900A310019F384 /* BBImagePageTableViewCell.m */; };
		85A73ECB1C900A320019F384 /* BBImagePageView.m in Sources */ = {isa = PBXBuildFile; fileRef = 85A73E4F1C900A310019F384 /* BBImagePageView.m */; };
		85A73ECC1C900A320019F384 /* BBInputRow.m in Sources */ = {isa = PBXBuildFile; fileRef = 85A73E511C900A320019F384 /* BBInputRow.m */; };
		85A73ECD1C900A320019F384 /* BBInputTableViewCell.m in Sources */ = {isa = PBXBuildFile; fileRef = 85A73E531C900A320019F384 /* BBInputTableViewCell.m */; };
		85A73ECE1C900A320019F384 /* BBItem.m in Sources */ = {isa = PBXBuildFile; fileRef = 85A73E551C900A320019F384 /* BBItem.m */; };
		85A73ECF1C900A320019F384 /* BBLocationConverter.m in Sources */ = {isa = PBXBuildFile; fileRef = 85A73E571C900A320019F384 /* BBLocationConverter.m */; };
		85A73ED01C900A320019F384 /* BBMailComposeViewController.m in Sources */ = {isa = PBXBuildFile; fileRef = 85A73E591C900A320019F384 /* BBMailComposeViewController.m */; };
		85A73ED11C900A320019F384 /* BBMailRow.m in Sources */ = {isa = PBXBuildFile; fileRef = 85A73E5B1C900A320019F384 /* BBMailRow.m */; };
		85A73ED21C900A320019F384 /* BBMapAnnotation.m in Sources */ = {isa = PBXBuildFile; fileRef = 85A73E5D1C900A320019F384 /* BBMapAnnotation.m */; };
		85A73ED31C900A320019F384 /* BBMapViewController.m in Sources */ = {isa = PBXBuildFile; fileRef = 85A73E5F1C900A320019F384 /* BBMapViewController.m */; };
		85A73ED41C900A320019F384 /* BBNavigationController.m in Sources */ = {isa = PBXBuildFile; fileRef = 85A73E611C900A320019F384 /* BBNavigationController.m */; };
		85A73ED51C900A320019F384 /* BBPageViewController.m in Sources */ = {isa = PBXBuildFile; fileRef = 85A73E631C900A320019F384 /* BBPageViewController.m */; };
		85A73ED61C900A320019F384 /* BBPickerRow.m in Sources */ = {isa = PBXBuildFile; fileRef = 85A73E651C900A320019F384 /* BBPickerRow.m */; };
		85A73ED71C900A320019F384 /* BBPickerTableViewCell.m in Sources */ = {isa = PBXBuildFile; fileRef = 85A73E671C900A320019F384 /* BBPickerTableViewCell.m */; };
		85A73ED81C900A320019F384 /* BBQRCodeViewController.m in Sources */ = {isa = PBXBuildFile; fileRef = 85A73E691C900A320019F384 /* BBQRCodeViewController.m */; };
		85A73ED91C900A320019F384 /* BBQueryStringPair.m in Sources */ = {isa = PBXBuildFile; fileRef = 85A73E6B1C900A320019F384 /* BBQueryStringPair.m */; };
		85A73EDA1C900A320019F384 /* BBResource.m in Sources */ = {isa = PBXBuildFile; fileRef = 85A73E6D1C900A320019F384 /* BBResource.m */; };
		85A73EDB1C900A320019F384 /* BBSearchViewController.m in Sources */ = {isa = PBXBuildFile; fileRef = 85A73E6F1C900A320019F384 /* BBSearchViewController.m */; };
		85A73EDC1C900A320019F384 /* BBSection.m in Sources */ = {isa = PBXBuildFile; fileRef = 85A73E711C900A320019F384 /* BBSection.m */; };
		85A73EDD1C900A320019F384 /* BBSegmentedControl.m in Sources */ = {isa = PBXBuildFile; fileRef = 85A73E731C900A320019F384 /* BBSegmentedControl.m */; };
		85A73EDE1C900A320019F384 /* BBSegmentedRow.m in Sources */ = {isa = PBXBuildFile; fileRef = 85A73E751C900A320019F384 /* BBSegmentedRow.m */; };
		85A73EDF1C900A320019F384 /* BBSegmentedTableViewCell.m in Sources */ = {isa = PBXBuildFile; fileRef = 85A73E771C900A320019F384 /* BBSegmentedTableViewCell.m */; };
		85A73EE01C900A320019F384 /* BBSliderRow.m in Sources */ = {isa = PBXBuildFile; fileRef = 85A73E791C900A320019F384 /* BBSliderRow.m */; };
		85A73EE11C900A320019F384 /* BBSliderTableViewCell.m in Sources */ = {isa = PBXBuildFile; fileRef = 85A73E7B1C900A320019F384 /* BBSliderTableViewCell.m */; };
		85A73EE21C900A320019F384 /* BBSocialShareDelegate.m in Sources */ = {isa = PBXBuildFile; fileRef = 85A73E7D1C900A320019F384 /* BBSocialShareDelegate.m */; };
		85A73EE31C900A320019F384 /* BBSplitViewController.m in Sources */ = {isa = PBXBuildFile; fileRef = 85A73E7F1C900A320019F384 /* BBSplitViewController.m */; };
		85A73EE41C900A320019F384 /* BBStoreProductViewController.m in Sources */ = {isa = PBXBuildFile; fileRef = 85A73E811C900A320019F384 /* BBStoreProductViewController.m */; };
		85A73EE51C900A320019F384 /* BBSwitchRow.m in Sources */ = {isa = PBXBuildFile; fileRef = 85A73E831C900A320019F384 /* BBSwitchRow.m */; };
		85A73EE61C900A320019F384 /* BBSwitchTableViewCell.m in Sources */ = {isa = PBXBuildFile; fileRef = 85A73E851C900A320019F384 /* BBSwitchTableViewCell.m */; };
		85A73EE71C900A320019F384 /* BBTabBarController.m in Sources */ = {isa = PBXBuildFile; fileRef = 85A73E871C900A320019F384 /* BBTabBarController.m */; };
		85A73EE81C900A320019F384 /* BBTabBarItem.m in Sources */ = {isa = PBXBuildFile; fileRef = 85A73E891C900A320019F384 /* BBTabBarItem.m */; };
		85A73EE91C900A320019F384 /* BBTableViewCell.m in Sources */ = {isa = PBXBuildFile; fileRef = 85A73E8B1C900A320019F384 /* BBTableViewCell.m */; };
		85A73EEA1C900A320019F384 /* BBTableViewDataSource.m in Sources */ = {isa = PBXBuildFile; fileRef = 85A73E8D1C900A320019F384 /* BBTableViewDataSource.m */; };
		85A73EEB1C900A320019F384 /* BBTableViewDelegate.m in Sources */ = {isa = PBXBuildFile; fileRef = 85A73E8F1C900A320019F384 /* BBTableViewDelegate.m */; };
		85A73EEC1C900A320019F384 /* BBTableViewDelegateWithRowHeight.m in Sources */ = {isa = PBXBuildFile; fileRef = 85A73E911C900A320019F384 /* BBTableViewDelegateWithRowHeight.m */; };
		85A73EED1C900A320019F384 /* BBViewController.m in Sources */ = {isa = PBXBuildFile; fileRef = 85A73E931C900A320019F384 /* BBViewController.m */; };
		85A73EEE1C900A320019F384 /* BBWebViewController.m in Sources */ = {isa = PBXBuildFile; fileRef = 85A73E951C900A320019F384 /* BBWebViewController.m */; };
		85A73EEF1C900A320019F384 /* BBWebViewRow.m in Sources */ = {isa = PBXBuildFile; fileRef = 85A73E971C900A320019F384 /* BBWebViewRow.m */; };
		85A73EF01C900A320019F384 /* BBWebViewSSLProtocol.m in Sources */ = {isa = PBXBuildFile; fileRef = 85A73E991C900A320019F384 /* BBWebViewSSLProtocol.m */; };
		85A73EF11C900A320019F384 /* BBWebViewTableViewCell.m in Sources */ = {isa = PBXBuildFile; fileRef = 85A73E9B1C900A320019F384 /* BBWebViewTableViewCell.m */; };
		85A73EF21C900A320019F384 /* BBWindow.m in Sources */ = {isa = PBXBuildFile; fileRef = 85A73E9D1C900A320019F384 /* BBWindow.m */; };
		85A73EF51C9113890019F384 /* TAExchangeRow.m in Sources */ = {isa = PBXBuildFile; fileRef = 85A73EF41C9113890019F384 /* TAExchangeRow.m */; };
/* End PBXBuildFile section */

/* Begin PBXContainerItemProxy section */
		85A73D9C1C8D5D930019F384 /* PBXContainerItemProxy */ = {
			isa = PBXContainerItemProxy;
			containerPortal = 85A73D7A1C8D5D930019F384 /* Project object */;
			proxyType = 1;
			remoteGlobalIDString = 85A73D811C8D5D930019F384;
			remoteInfo = Train;
		};
		85A73DA71C8D5D930019F384 /* PBXContainerItemProxy */ = {
			isa = PBXContainerItemProxy;
			containerPortal = 85A73D7A1C8D5D930019F384 /* Project object */;
			proxyType = 1;
			remoteGlobalIDString = 85A73D811C8D5D930019F384;
			remoteInfo = Train;
		};
/* End PBXContainerItemProxy section */

/* Begin PBXFileReference section */
		85311F211C9172D900DDD3D3 /* TAOrderTrainTableViewCell.h */ = {isa = PBXFileReference; fileEncoding = 4; lastKnownFileType = sourcecode.c.h; path = TAOrderTrainTableViewCell.h; sourceTree = "<group>"; };
		85311F221C9172D900DDD3D3 /* TAOrderTrainTableViewCell.m */ = {isa = PBXFileReference; fileEncoding = 4; lastKnownFileType = sourcecode.c.objc; path = TAOrderTrainTableViewCell.m; sourceTree = "<group>"; };
		85A73D821C8D5D930019F384 /* Train.app */ = {isa = PBXFileReference; explicitFileType = wrapper.application; includeInIndex = 0; path = Train.app; sourceTree = BUILT_PRODUCTS_DIR; };
		85A73D861C8D5D930019F384 /* main.m */ = {isa = PBXFileReference; lastKnownFileType = sourcecode.c.objc; path = main.m; sourceTree = "<group>"; };
		85A73D881C8D5D930019F384 /* AppDelegate.h */ = {isa = PBXFileReference; lastKnownFileType = sourcecode.c.h; path = AppDelegate.h; sourceTree = "<group>"; };
		85A73D891C8D5D930019F384 /* AppDelegate.m */ = {isa = PBXFileReference; lastKnownFileType = sourcecode.c.objc; path = AppDelegate.m; sourceTree = "<group>"; };
		85A73D8B1C8D5D930019F384 /* ViewController.h */ = {isa = PBXFileReference; lastKnownFileType = sourcecode.c.h; path = ViewController.h; sourceTree = "<group>"; };
		85A73D8C1C8D5D930019F384 /* ViewController.m */ = {isa = PBXFileReference; lastKnownFileType = sourcecode.c.objc; path = ViewController.m; sourceTree = "<group>"; };
		85A73D8F1C8D5D930019F384 /* Base */ = {isa = PBXFileReference; lastKnownFileType = file.storyboard; name = Base; path = Base.lproj/Main.storyboard; sourceTree = "<group>"; };
		85A73D911C8D5D930019F384 /* Assets.xcassets */ = {isa = PBXFileReference; lastKnownFileType = folder.assetcatalog; path = Assets.xcassets; sourceTree = "<group>"; };
		85A73D941C8D5D930019F384 /* Base */ = {isa = PBXFileReference; lastKnownFileType = file.storyboard; name = Base; path = Base.lproj/LaunchScreen.storyboard; sourceTree = "<group>"; };
		85A73D961C8D5D930019F384 /* Info.plist */ = {isa = PBXFileReference; lastKnownFileType = text.plist.xml; path = Info.plist; sourceTree = "<group>"; };
		85A73D9B1C8D5D930019F384 /* TrainTests.xctest */ = {isa = PBXFileReference; explicitFileType = wrapper.cfbundle; includeInIndex = 0; path = TrainTests.xctest; sourceTree = BUILT_PRODUCTS_DIR; };
		85A73D9F1C8D5D930019F384 /* TrainTests.m */ = {isa = PBXFileReference; lastKnownFileType = sourcecode.c.objc; path = TrainTests.m; sourceTree = "<group>"; };
		85A73DA11C8D5D930019F384 /* Info.plist */ = {isa = PBXFileReference; lastKnownFileType = text.plist.xml; path = Info.plist; sourceTree = "<group>"; };
		85A73DA61C8D5D930019F384 /* TrainUITests.xctest */ = {isa = PBXFileReference; explicitFileType = wrapper.cfbundle; includeInIndex = 0; path = TrainUITests.xctest; sourceTree = BUILT_PRODUCTS_DIR; };
		85A73DAA1C8D5D930019F384 /* TrainUITests.m */ = {isa = PBXFileReference; lastKnownFileType = sourcecode.c.objc; path = TrainUITests.m; sourceTree = "<group>"; };
		85A73DAC1C8D5D930019F384 /* Info.plist */ = {isa = PBXFileReference; lastKnownFileType = text.plist.xml; path = Info.plist; sourceTree = "<group>"; };
		85A73DB81C8D71340019F384 /* BBJavaScriptBridge.h */ = {isa = PBXFileReference; fileEncoding = 4; lastKnownFileType = sourcecode.c.h; path = BBJavaScriptBridge.h; sourceTree = "<group>"; };
		85A73DB91C8D71340019F384 /* BBJavaScriptBridge.m */ = {isa = PBXFileReference; fileEncoding = 4; lastKnownFileType = sourcecode.c.objc; path = BBJavaScriptBridge.m; sourceTree = "<group>"; };
		85A73DBB1C8D74620019F384 /* BBJavaScriptContext.h */ = {isa = PBXFileReference; fileEncoding = 4; lastKnownFileType = sourcecode.c.h; path = BBJavaScriptContext.h; sourceTree = "<group>"; };
		85A73DBC1C8D74620019F384 /* BBJavaScriptContext.m */ = {isa = PBXFileReference; fileEncoding = 4; lastKnownFileType = sourcecode.c.objc; path = BBJavaScriptContext.m; sourceTree = "<group>"; };
		85A73DBE1C8D78910019F384 /* BBAction.h */ = {isa = PBXFileReference; fileEncoding = 4; lastKnownFileType = sourcecode.c.h; path = BBAction.h; sourceTree = "<group>"; };
		85A73DBF1C8D78910019F384 /* BBAction.m */ = {isa = PBXFileReference; fileEncoding = 4; lastKnownFileType = sourcecode.c.objc; path = BBAction.m; sourceTree = "<group>"; };
		85A73DC11C8D79680019F384 /* BBRow.h */ = {isa = PBXFileReference; fileEncoding = 4; lastKnownFileType = sourcecode.c.h; path = BBRow.h; sourceTree = "<group>"; };
		85A73DC21C8D79680019F384 /* BBRow.m */ = {isa = PBXFileReference; fileEncoding = 4; lastKnownFileType = sourcecode.c.objc; path = BBRow.m; sourceTree = "<group>"; };
		85A73DC41C8D7A8B0019F384 /* JSContext.h */ = {isa = PBXFileReference; fileEncoding = 4; lastKnownFileType = sourcecode.c.h; path = JSContext.h; sourceTree = "<group>"; };
		85A73DC51C8D7A8B0019F384 /* JSContext.m */ = {isa = PBXFileReference; fileEncoding = 4; lastKnownFileType = sourcecode.c.objc; path = JSContext.m; sourceTree = "<group>"; };
		85A73DC71C8D7B4E0019F384 /* BBJavaScriptCoreContext.h */ = {isa = PBXFileReference; fileEncoding = 4; lastKnownFileType = sourcecode.c.h; path = BBJavaScriptCoreContext.h; sourceTree = "<group>"; };
		85A73DC81C8D7B4E0019F384 /* BBJavaScriptCoreContext.m */ = {isa = PBXFileReference; fileEncoding = 4; lastKnownFileType = sourcecode.c.objc; path = BBJavaScriptCoreContext.m; sourceTree = "<group>"; };
		85A73DCA1C8D7BF20019F384 /* BBWebViewContext.h */ = {isa = PBXFileReference; fileEncoding = 4; lastKnownFileType = sourcecode.c.h; path = BBWebViewContext.h; sourceTree = "<group>"; };
		85A73DCB1C8D7BF20019F384 /* BBWebViewContext.m */ = {isa = PBXFileReference; fileEncoding = 4; lastKnownFileType = sourcecode.c.objc; path = BBWebViewContext.m; sourceTree = "<group>"; };
		85A73DCD1C8E7CD80019F384 /* BBWebViewAJAXProtocol.h */ = {isa = PBXFileReference; fileEncoding = 4; lastKnownFileType = sourcecode.c.h; path = BBWebViewAJAXProtocol.h; sourceTree = "<group>"; };
		85A73DCE1C8E7CD80019F384 /* BBWebViewAJAXProtocol.m */ = {isa = PBXFileReference; fileEncoding = 4; lastKnownFileType = sourcecode.c.objc; path = BBWebViewAJAXProtocol.m; sourceTree = "<group>"; };
		85A73DD01C8EA35A0019F384 /* BBTableViewController.h */ = {isa = PBXFileReference; fileEncoding = 4; lastKnownFileType = sourcecode.c.h; path = BBTableViewController.h; sourceTree = "<group>"; };
		85A73DD11C8EA35A0019F384 /* BBTableViewController.m */ = {isa = PBXFileReference; fileEncoding = 4; lastKnownFileType = sourcecode.c.objc; path = BBTableViewController.m; sourceTree = "<group>"; };
		85A73DD31C8EB5E60019F384 /* BBTableView.h */ = {isa = PBXFileReference; fileEncoding = 4; lastKnownFileType = sourcecode.c.h; path = BBTableView.h; sourceTree = "<group>"; };
		85A73DD41C8EB5E60019F384 /* BBTableView.m */ = {isa = PBXFileReference; fileEncoding = 4; lastKnownFileType = sourcecode.c.objc; path = BBTableView.m; sourceTree = "<group>"; };
		85A73DE51C8ED2B20019F384 /* BBRoot.h */ = {isa = PBXFileReference; fileEncoding = 4; lastKnownFileType = sourcecode.c.h; path = BBRoot.h; sourceTree = "<group>"; };
		85A73DE61C8ED2B20019F384 /* BBRoot.m */ = {isa = PBXFileReference; fileEncoding = 4; lastKnownFileType = sourcecode.c.objc; path = BBRoot.m; sourceTree = "<group>"; };
		85A73DE81C8ED2F50019F384 /* BBAttribute.h */ = {isa = PBXFileReference; fileEncoding = 4; lastKnownFileType = sourcecode.c.h; path = BBAttribute.h; sourceTree = "<group>"; };
		85A73DE91C8ED2F50019F384 /* BBAttribute.m */ = {isa = PBXFileReference; fileEncoding = 4; lastKnownFileType = sourcecode.c.objc; path = BBAttribute.m; sourceTree = "<group>"; };
		85A73DEB1C8ED3690019F384 /* BBCollectionView.h */ = {isa = PBXFileReference; fileEncoding = 4; lastKnownFileType = sourcecode.c.h; path = BBCollectionView.h; sourceTree = "<group>"; };
		85A73DEC1C8ED3690019F384 /* BBCollectionView.m */ = {isa = PBXFileReference; fileEncoding = 4; lastKnownFileType = sourcecode.c.objc; path = BBCollectionView.m; sourceTree = "<group>"; };
		85A73DEE1C8ED8F60019F384 /* BBUtil.h */ = {isa = PBXFileReference; fileEncoding = 4; lastKnownFileType = sourcecode.c.h; path = BBUtil.h; sourceTree = "<group>"; };
		85A73DEF1C8ED8F60019F384 /* BBUtil.m */ = {isa = PBXFileReference; fileEncoding = 4; lastKnownFileType = sourcecode.c.objc; path = BBUtil.m; sourceTree = "<group>"; };
		85A73DF31C9002440019F384 /* define.h */ = {isa = PBXFileReference; lastKnownFileType = sourcecode.c.h; path = define.h; sourceTree = "<group>"; };
		85A73DF41C900A310019F384 /* BBAccessoryButton.h */ = {isa = PBXFileReference; fileEncoding = 4; lastKnownFileType = sourcecode.c.h; path = BBAccessoryButton.h; sourceTree = "<group>"; };
		85A73DF51C900A310019F384 /* BBAccessoryButton.m */ = {isa = PBXFileReference; fileEncoding = 4; lastKnownFileType = sourcecode.c.objc; path = BBAccessoryButton.m; sourceTree = "<group>"; };
		85A73DF61C900A310019F384 /* BBAction(Calendar).h */ = {isa = PBXFileReference; fileEncoding = 4; lastKnownFileType = sourcecode.c.h; path = "BBAction(Calendar).h"; sourceTree = "<group>"; };
		85A73DF71C900A310019F384 /* BBAction(Calendar).m */ = {isa = PBXFileReference; fileEncoding = 4; lastKnownFileType = sourcecode.c.objc; path = "BBAction(Calendar).m"; sourceTree = "<group>"; };
		85A73DF81C900A310019F384 /* BBAction(Flurry).h */ = {isa = PBXFileReference; fileEncoding = 4; lastKnownFileType = sourcecode.c.h; path = "BBAction(Flurry).h"; sourceTree = "<group>"; };
		85A73DF91C900A310019F384 /* BBAction(Flurry).m */ = {isa = PBXFileReference; fileEncoding = 4; lastKnownFileType = sourcecode.c.objc; path = "BBAction(Flurry).m"; sourceTree = "<group>"; };
		85A73DFA1C900A310019F384 /* BBActionSheet.h */ = {isa = PBXFileReference; fileEncoding = 4; lastKnownFileType = sourcecode.c.h; path = BBActionSheet.h; sourceTree = "<group>"; };
		85A73DFB1C900A310019F384 /* BBActionSheet.m */ = {isa = PBXFileReference; fileEncoding = 4; lastKnownFileType = sourcecode.c.objc; path = BBActionSheet.m; sourceTree = "<group>"; };
		85A73DFC1C900A310019F384 /* BBAddPassesViewController.h */ = {isa = PBXFileReference; fileEncoding = 4; lastKnownFileType = sourcecode.c.h; path = BBAddPassesViewController.h; sourceTree = "<group>"; };
		85A73DFD1C900A310019F384 /* BBAddPassesViewController.m */ = {isa = PBXFileReference; fileEncoding = 4; lastKnownFileType = sourcecode.c.objc; path = BBAddPassesViewController.m; sourceTree = "<group>"; };
		85A73DFE1C900A310019F384 /* BBAlertView.h */ = {isa = PBXFileReference; fileEncoding = 4; lastKnownFileType = sourcecode.c.h; path = BBAlertView.h; sourceTree = "<group>"; };
		85A73DFF1C900A310019F384 /* BBAlertView.m */ = {isa = PBXFileReference; fileEncoding = 4; lastKnownFileType = sourcecode.c.objc; path = BBAlertView.m; sourceTree = "<group>"; };
		85A73E001C900A310019F384 /* BBAppDelegate.h */ = {isa = PBXFileReference; fileEncoding = 4; lastKnownFileType = sourcecode.c.h; path = BBAppDelegate.h; sourceTree = "<group>"; };
		85A73E011C900A310019F384 /* BBAppDelegate.m */ = {isa = PBXFileReference; fileEncoding = 4; lastKnownFileType = sourcecode.c.objc; path = BBAppDelegate.m; sourceTree = "<group>"; };
		85A73E021C900A310019F384 /* BBBadgeLabel.h */ = {isa = PBXFileReference; fileEncoding = 4; lastKnownFileType = sourcecode.c.h; path = BBBadgeLabel.h; sourceTree = "<group>"; };
		85A73E031C900A310019F384 /* BBBadgeLabel.m */ = {isa = PBXFileReference; fileEncoding = 4; lastKnownFileType = sourcecode.c.objc; path = BBBadgeLabel.m; sourceTree = "<group>"; };
		85A73E041C900A310019F384 /* BBBadgeRow.h */ = {isa = PBXFileReference; fileEncoding = 4; lastKnownFileType = sourcecode.c.h; path = BBBadgeRow.h; sourceTree = "<group>"; };
		85A73E051C900A310019F384 /* BBBadgeRow.m */ = {isa = PBXFileReference; fileEncoding = 4; lastKnownFileType = sourcecode.c.objc; path = BBBadgeRow.m; sourceTree = "<group>"; };
		85A73E061C900A310019F384 /* BBBadgeTableViewCell.h */ = {isa = PBXFileReference; fileEncoding = 4; lastKnownFileType = sourcecode.c.h; path = BBBadgeTableViewCell.h; sourceTree = "<group>"; };
		85A73E071C900A310019F384 /* BBBadgeTableViewCell.m */ = {isa = PBXFileReference; fileEncoding = 4; lastKnownFileType = sourcecode.c.objc; path = BBBadgeTableViewCell.m; sourceTree = "<group>"; };
		85A73E081C900A310019F384 /* BBBarButtonItem.h */ = {isa = PBXFileReference; fileEncoding = 4; lastKnownFileType = sourcecode.c.h; path = BBBarButtonItem.h; sourceTree = "<group>"; };
		85A73E091C900A310019F384 /* BBBarButtonItem.m */ = {isa = PBXFileReference; fileEncoding = 4; lastKnownFileType = sourcecode.c.objc; path = BBBarButtonItem.m; sourceTree = "<group>"; };
		85A73E0A1C900A310019F384 /* BBButton.h */ = {isa = PBXFileReference; fileEncoding = 4; lastKnownFileType = sourcecode.c.h; path = BBButton.h; sourceTree = "<group>"; };
		85A73E0B1C900A310019F384 /* BBButton.m */ = {isa = PBXFileReference; fileEncoding = 4; lastKnownFileType = sourcecode.c.objc; path = BBButton.m; sourceTree = "<group>"; };
		85A73E0C1C900A310019F384 /* BBButtonGroup.h */ = {isa = PBXFileReference; fileEncoding = 4; lastKnownFileType = sourcecode.c.h; path = BBButtonGroup.h; sourceTree = "<group>"; };
		85A73E0D1C900A310019F384 /* BBButtonGroup.m */ = {isa = PBXFileReference; fileEncoding = 4; lastKnownFileType = sourcecode.c.objc; path = BBButtonGroup.m; sourceTree = "<group>"; };
		85A73E0E1C900A310019F384 /* BBButtonGroupRow.h */ = {isa = PBXFileReference; fileEncoding = 4; lastKnownFileType = sourcecode.c.h; path = BBButtonGroupRow.h; sourceTree = "<group>"; };
		85A73E0F1C900A310019F384 /* BBButtonGroupRow.m */ = {isa = PBXFileReference; fileEncoding = 4; lastKnownFileType = sourcecode.c.objc; path = BBButtonGroupRow.m; sourceTree = "<group>"; };
		85A73E101C900A310019F384 /* BBButtonGroupTableViewCell.h */ = {isa = PBXFileReference; fileEncoding = 4; lastKnownFileType = sourcecode.c.h; path = BBButtonGroupTableViewCell.h; sourceTree = "<group>"; };
		85A73E111C900A310019F384 /* BBButtonGroupTableViewCell.m */ = {isa = PBXFileReference; fileEncoding = 4; lastKnownFileType = sourcecode.c.objc; path = BBButtonGroupTableViewCell.m; sourceTree = "<group>"; };
		85A73E121C900A310019F384 /* BBButtonRow.h */ = {isa = PBXFileReference; fileEncoding = 4; lastKnownFileType = sourcecode.c.h; path = BBButtonRow.h; sourceTree = "<group>"; };
		85A73E131C900A310019F384 /* BBButtonRow.m */ = {isa = PBXFileReference; fileEncoding = 4; lastKnownFileType = sourcecode.c.objc; path = BBButtonRow.m; sourceTree = "<group>"; };
		85A73E141C900A310019F384 /* BBButtonTableViewCell.h */ = {isa = PBXFileReference; fileEncoding = 4; lastKnownFileType = sourcecode.c.h; path = BBButtonTableViewCell.h; sourceTree = "<group>"; };
		85A73E151C900A310019F384 /* BBButtonTableViewCell.m */ = {isa = PBXFileReference; fileEncoding = 4; lastKnownFileType = sourcecode.c.objc; path = BBButtonTableViewCell.m; sourceTree = "<group>"; };
		85A73E161C900A310019F384 /* BBCalendarRow.h */ = {isa = PBXFileReference; fileEncoding = 4; lastKnownFileType = sourcecode.c.h; path = BBCalendarRow.h; sourceTree = "<group>"; };
		85A73E171C900A310019F384 /* BBCalendarRow.m */ = {isa = PBXFileReference; fileEncoding = 4; lastKnownFileType = sourcecode.c.objc; path = BBCalendarRow.m; sourceTree = "<group>"; };
		85A73E181C900A310019F384 /* BBCalendarViewController.h */ = {isa = PBXFileReference; fileEncoding = 4; lastKnownFileType = sourcecode.c.h; path = BBCalendarViewController.h; sourceTree = "<group>"; };
		85A73E191C900A310019F384 /* BBCalendarViewController.m */ = {isa = PBXFileReference; fileEncoding = 4; lastKnownFileType = sourcecode.c.objc; path = BBCalendarViewController.m; sourceTree = "<group>"; };
		85A73E1A1C900A310019F384 /* BBCaptchaRow.h */ = {isa = PBXFileReference; fileEncoding = 4; lastKnownFileType = sourcecode.c.h; path = BBCaptchaRow.h; sourceTree = "<group>"; };
		85A73E1B1C900A310019F384 /* BBCaptchaRow.m */ = {isa = PBXFileReference; fileEncoding = 4; lastKnownFileType = sourcecode.c.objc; path = BBCaptchaRow.m; sourceTree = "<group>"; };
		85A73E1C1C900A310019F384 /* BBCaptchaView.h */ = {isa = PBXFileReference; fileEncoding = 4; lastKnownFileType = sourcecode.c.h; path = BBCaptchaView.h; sourceTree = "<group>"; };
		85A73E1D1C900A310019F384 /* BBCaptchaView.m */ = {isa = PBXFileReference; fileEncoding = 4; lastKnownFileType = sourcecode.c.objc; path = BBCaptchaView.m; sourceTree = "<group>"; };
		85A73E1E1C900A310019F384 /* BBCodeReader.h */ = {isa = PBXFileReference; fileEncoding = 4; lastKnownFileType = sourcecode.c.h; path = BBCodeReader.h; sourceTree = "<group>"; };
		85A73E1F1C900A310019F384 /* BBCodeReader.m */ = {isa = PBXFileReference; fileEncoding = 4; lastKnownFileType = sourcecode.c.objc; path = BBCodeReader.m; sourceTree = "<group>"; };
		85A73E201C900A310019F384 /* BBCodeView.h */ = {isa = PBXFileReference; fileEncoding = 4; lastKnownFileType = sourcecode.c.h; path = BBCodeView.h; sourceTree = "<group>"; };
		85A73E211C900A310019F384 /* BBCodeView.m */ = {isa = PBXFileReference; fileEncoding = 4; lastKnownFileType = sourcecode.c.objc; path = BBCodeView.m; sourceTree = "<group>"; };
		85A73E221C900A310019F384 /* BBCollectionSeparatorView.h */ = {isa = PBXFileReference; fileEncoding = 4; lastKnownFileType = sourcecode.c.h; path = BBCollectionSeparatorView.h; sourceTree = "<group>"; };
		85A73E231C900A310019F384 /* BBCollectionSeparatorView.m */ = {isa = PBXFileReference; fileEncoding = 4; lastKnownFileType = sourcecode.c.objc; path = BBCollectionSeparatorView.m; sourceTree = "<group>"; };
		85A73E241C900A310019F384 /* BBCollectionViewCell.h */ = {isa = PBXFileReference; fileEncoding = 4; lastKnownFileType = sourcecode.c.h; path = BBCollectionViewCell.h; sourceTree = "<group>"; };
		85A73E251C900A310019F384 /* BBCollectionViewCell.m */ = {isa = PBXFileReference; fileEncoding = 4; lastKnownFileType = sourcecode.c.objc; path = BBCollectionViewCell.m; sourceTree = "<group>"; };
		85A73E261C900A310019F384 /* BBCollectionViewController.h */ = {isa = PBXFileReference; fileEncoding = 4; lastKnownFileType = sourcecode.c.h; path = BBCollectionViewController.h; sourceTree = "<group>"; };
		85A73E271C900A310019F384 /* BBCollectionViewController.m */ = {isa = PBXFileReference; fileEncoding = 4; lastKnownFileType = sourcecode.c.objc; path = BBCollectionViewController.m; sourceTree = "<group>"; };
		85A73E281C900A310019F384 /* BBCollectionViewDataSource.h */ = {isa = PBXFileReference; fileEncoding = 4; lastKnownFileType = sourcecode.c.h; path = BBCollectionViewDataSource.h; sourceTree = "<group>"; };
		85A73E291C900A310019F384 /* BBCollectionViewDataSource.m */ = {isa = PBXFileReference; fileEncoding = 4; lastKnownFileType = sourcecode.c.objc; path = BBCollectionViewDataSource.m; sourceTree = "<group>"; };
		85A73E2A1C900A310019F384 /* BBCollectionViewDelegate.h */ = {isa = PBXFileReference; fileEncoding = 4; lastKnownFileType = sourcecode.c.h; path = BBCollectionViewDelegate.h; sourceTree = "<group>"; };
		85A73E2B1C900A310019F384 /* BBCollectionViewDelegate.m */ = {isa = PBXFileReference; fileEncoding = 4; lastKnownFileType = sourcecode.c.objc; path = BBCollectionViewDelegate.m; sourceTree = "<group>"; };
		85A73E2C1C900A310019F384 /* BBCollectionViewSeparatorLayout.h */ = {isa = PBXFileReference; fileEncoding = 4; lastKnownFileType = sourcecode.c.h; path = BBCollectionViewSeparatorLayout.h; sourceTree = "<group>"; };
		85A73E2D1C900A310019F384 /* BBCollectionViewSeparatorLayout.m */ = {isa = PBXFileReference; fileEncoding = 4; lastKnownFileType = sourcecode.c.objc; path = BBCollectionViewSeparatorLayout.m; sourceTree = "<group>"; };
		85A73E2E1C900A310019F384 /* BBDateRow.h */ = {isa = PBXFileReference; fileEncoding = 4; lastKnownFileType = sourcecode.c.h; path = BBDateRow.h; sourceTree = "<group>"; };
		85A73E2F1C900A310019F384 /* BBDateRow.m */ = {isa = PBXFileReference; fileEncoding = 4; lastKnownFileType = sourcecode.c.objc; path = BBDateRow.m; sourceTree = "<group>"; };
		85A73E301C900A310019F384 /* BBDateTableViewCell.h */ = {isa = PBXFileReference; fileEncoding = 4; lastKnownFileType = sourcecode.c.h; path = BBDateTableViewCell.h; sourceTree = "<group>"; };
		85A73E311C900A310019F384 /* BBDateTableViewCell.m */ = {isa = PBXFileReference; fileEncoding = 4; lastKnownFileType = sourcecode.c.objc; path = BBDateTableViewCell.m; sourceTree = "<group>"; };
		85A73E321C900A310019F384 /* BBFieldRow.h */ = {isa = PBXFileReference; fileEncoding = 4; lastKnownFileType = sourcecode.c.h; path = BBFieldRow.h; sourceTree = "<group>"; };
		85A73E331C900A310019F384 /* BBFieldRow.m */ = {isa = PBXFileReference; fileEncoding = 4; lastKnownFileType = sourcecode.c.objc; path = BBFieldRow.m; sourceTree = "<group>"; };
		85A73E341C900A310019F384 /* BBFieldTableViewCell.h */ = {isa = PBXFileReference; fileEncoding = 4; lastKnownFileType = sourcecode.c.h; path = BBFieldTableViewCell.h; sourceTree = "<group>"; };
		85A73E351C900A310019F384 /* BBFieldTableViewCell.m */ = {isa = PBXFileReference; fileEncoding = 4; lastKnownFileType = sourcecode.c.objc; path = BBFieldTableViewCell.m; sourceTree = "<group>"; };
		85A73E361C900A310019F384 /* BBGoogleAdRow.h */ = {isa = PBXFileReference; fileEncoding = 4; lastKnownFileType = sourcecode.c.h; path = BBGoogleAdRow.h; sourceTree = "<group>"; };
		85A73E371C900A310019F384 /* BBGoogleAdRow.m */ = {isa = PBXFileReference; fileEncoding = 4; lastKnownFileType = sourcecode.c.objc; path = BBGoogleAdRow.m; sourceTree = "<group>"; };
		85A73E381C900A310019F384 /* BBGridRow.h */ = {isa = PBXFileReference; fileEncoding = 4; lastKnownFileType = sourcecode.c.h; path = BBGridRow.h; sourceTree = "<group>"; };
		85A73E391C900A310019F384 /* BBGridRow.m */ = {isa = PBXFileReference; fileEncoding = 4; lastKnownFileType = sourcecode.c.objc; path = BBGridRow.m; sourceTree = "<group>"; };
		85A73E3A1C900A310019F384 /* BBGridSection.h */ = {isa = PBXFileReference; fileEncoding = 4; lastKnownFileType = sourcecode.c.h; path = BBGridSection.h; sourceTree = "<group>"; };
		85A73E3B1C900A310019F384 /* BBGridSection.m */ = {isa = PBXFileReference; fileEncoding = 4; lastKnownFileType = sourcecode.c.objc; path = BBGridSection.m; sourceTree = "<group>"; };
		85A73E3C1C900A310019F384 /* BBGridTableViewCell.h */ = {isa = PBXFileReference; fileEncoding = 4; lastKnownFileType = sourcecode.c.h; path = BBGridTableViewCell.h; sourceTree = "<group>"; };
		85A73E3D1C900A310019F384 /* BBGridTableViewCell.m */ = {isa = PBXFileReference; fileEncoding = 4; lastKnownFileType = sourcecode.c.objc; path = BBGridTableViewCell.m; sourceTree = "<group>"; };
		85A73E3E1C900A310019F384 /* BBHtmlRow.h */ = {isa = PBXFileReference; fileEncoding = 4; lastKnownFileType = sourcecode.c.h; path = BBHtmlRow.h; sourceTree = "<group>"; };
		85A73E3F1C900A310019F384 /* BBHtmlRow.m */ = {isa = PBXFileReference; fileEncoding = 4; lastKnownFileType = sourcecode.c.objc; path = BBHtmlRow.m; sourceTree = "<group>"; };
		85A73E401C900A310019F384 /* BBHtmlTableViewCell.h */ = {isa = PBXFileReference; fileEncoding = 4; lastKnownFileType = sourcecode.c.h; path = BBHtmlTableViewCell.h; sourceTree = "<group>"; };
		85A73E411C900A310019F384 /* BBHtmlTableViewCell.m */ = {isa = PBXFileReference; fileEncoding = 4; lastKnownFileType = sourcecode.c.objc; path = BBHtmlTableViewCell.m; sourceTree = "<group>"; };
		85A73E421C900A310019F384 /* BBHTTPRequestSerializer.h */ = {isa = PBXFileReference; fileEncoding = 4; lastKnownFileType = sourcecode.c.h; path = BBHTTPRequestSerializer.h; sourceTree = "<group>"; };
		85A73E431C900A310019F384 /* BBHTTPRequestSerializer.m */ = {isa = PBXFileReference; fileEncoding = 4; lastKnownFileType = sourcecode.c.objc; path = BBHTTPRequestSerializer.m; sourceTree = "<group>"; };
		85A73E441C900A310019F384 /* BBIconFont.h */ = {isa = PBXFileReference; fileEncoding = 4; lastKnownFileType = sourcecode.c.h; path = BBIconFont.h; sourceTree = "<group>"; };
		85A73E451C900A310019F384 /* BBIconFont.m */ = {isa = PBXFileReference; fileEncoding = 4; lastKnownFileType = sourcecode.c.objc; path = BBIconFont.m; sourceTree = "<group>"; };
		85A73E461C900A310019F384 /* BBIconFont(FontAwesome).h */ = {isa = PBXFileReference; fileEncoding = 4; lastKnownFileType = sourcecode.c.h; path = "BBIconFont(FontAwesome).h"; sourceTree = "<group>"; };
		85A73E471C900A310019F384 /* BBIconFont(FontAwesome).m */ = {isa = PBXFileReference; fileEncoding = 4; lastKnownFileType = sourcecode.c.objc; path = "BBIconFont(FontAwesome).m"; sourceTree = "<group>"; };
		85A73E481C900A310019F384 /* BBIconFont(ZXIcon).h */ = {isa = PBXFileReference; fileEncoding = 4; lastKnownFileType = sourcecode.c.h; path = "BBIconFont(ZXIcon).h"; sourceTree = "<group>"; };
		85A73E491C900A310019F384 /* BBIconFont(ZXIcon).m */ = {isa = PBXFileReference; fileEncoding = 4; lastKnownFileType = sourcecode.c.objc; path = "BBIconFont(ZXIcon).m"; sourceTree = "<group>"; };
		85A73E4A1C900A310019F384 /* BBImagePageRow.h */ = {isa = PBXFileReference; fileEncoding = 4; lastKnownFileType = sourcecode.c.h; path = BBImagePageRow.h; sourceTree = "<group>"; };
		85A73E4B1C900A310019F384 /* BBImagePageRow.m */ = {isa = PBXFileReference; fileEncoding = 4; lastKnownFileType = sourcecode.c.objc; path = BBImagePageRow.m; sourceTree = "<group>"; };
		85A73E4C1C900A310019F384 /* BBImagePageTableViewCell.h */ = {isa = PBXFileReference; fileEncoding = 4; lastKnownFileType = sourcecode.c.h; path = BBImagePageTableViewCell.h; sourceTree = "<group>"; };
		85A73E4D1C900A310019F384 /* BBImagePageTableViewCell.m */ = {isa = PBXFileReference; fileEncoding = 4; lastKnownFileType = sourcecode.c.objc; path = BBImagePageTableViewCell.m; sourceTree = "<group>"; };
		85A73E4E1C900A310019F384 /* BBImagePageView.h */ = {isa = PBXFileReference; fileEncoding = 4; lastKnownFileType = sourcecode.c.h; path = BBImagePageView.h; sourceTree = "<group>"; };
		85A73E4F1C900A310019F384 /* BBImagePageView.m */ = {isa = PBXFileReference; fileEncoding = 4; lastKnownFileType = sourcecode.c.objc; path = BBImagePageView.m; sourceTree = "<group>"; };
		85A73E501C900A310019F384 /* BBInputRow.h */ = {isa = PBXFileReference; fileEncoding = 4; lastKnownFileType = sourcecode.c.h; path = BBInputRow.h; sourceTree = "<group>"; };
		85A73E511C900A320019F384 /* BBInputRow.m */ = {isa = PBXFileReference; fileEncoding = 4; lastKnownFileType = sourcecode.c.objc; path = BBInputRow.m; sourceTree = "<group>"; };
		85A73E521C900A320019F384 /* BBInputTableViewCell.h */ = {isa = PBXFileReference; fileEncoding = 4; lastKnownFileType = sourcecode.c.h; path = BBInputTableViewCell.h; sourceTree = "<group>"; };
		85A73E531C900A320019F384 /* BBInputTableViewCell.m */ = {isa = PBXFileReference; fileEncoding = 4; lastKnownFileType = sourcecode.c.objc; path = BBInputTableViewCell.m; sourceTree = "<group>"; };
		85A73E541C900A320019F384 /* BBItem.h */ = {isa = PBXFileReference; fileEncoding = 4; lastKnownFileType = sourcecode.c.h; path = BBItem.h; sourceTree = "<group>"; };
		85A73E551C900A320019F384 /* BBItem.m */ = {isa = PBXFileReference; fileEncoding = 4; lastKnownFileType = sourcecode.c.objc; path = BBItem.m; sourceTree = "<group>"; };
		85A73E561C900A320019F384 /* BBLocationConverter.h */ = {isa = PBXFileReference; fileEncoding = 4; lastKnownFileType = sourcecode.c.h; path = BBLocationConverter.h; sourceTree = "<group>"; };
		85A73E571C900A320019F384 /* BBLocationConverter.m */ = {isa = PBXFileReference; fileEncoding = 4; lastKnownFileType = sourcecode.c.objc; path = BBLocationConverter.m; sourceTree = "<group>"; };
		85A73E581C900A320019F384 /* BBMailComposeViewController.h */ = {isa = PBXFileReference; fileEncoding = 4; lastKnownFileType = sourcecode.c.h; path = BBMailComposeViewController.h; sourceTree = "<group>"; };
		85A73E591C900A320019F384 /* BBMailComposeViewController.m */ = {isa = PBXFileReference; fileEncoding = 4; lastKnownFileType = sourcecode.c.objc; path = BBMailComposeViewController.m; sourceTree = "<group>"; };
		85A73E5A1C900A320019F384 /* BBMailRow.h */ = {isa = PBXFileReference; fileEncoding = 4; lastKnownFileType = sourcecode.c.h; path = BBMailRow.h; sourceTree = "<group>"; };
		85A73E5B1C900A320019F384 /* BBMailRow.m */ = {isa = PBXFileReference; fileEncoding = 4; lastKnownFileType = sourcecode.c.objc; path = BBMailRow.m; sourceTree = "<group>"; };
		85A73E5C1C900A320019F384 /* BBMapAnnotation.h */ = {isa = PBXFileReference; fileEncoding = 4; lastKnownFileType = sourcecode.c.h; path = BBMapAnnotation.h; sourceTree = "<group>"; };
		85A73E5D1C900A320019F384 /* BBMapAnnotation.m */ = {isa = PBXFileReference; fileEncoding = 4; lastKnownFileType = sourcecode.c.objc; path = BBMapAnnotation.m; sourceTree = "<group>"; };
		85A73E5E1C900A320019F384 /* BBMapViewController.h */ = {isa = PBXFileReference; fileEncoding = 4; lastKnownFileType = sourcecode.c.h; path = BBMapViewController.h; sourceTree = "<group>"; };
		85A73E5F1C900A320019F384 /* BBMapViewController.m */ = {isa = PBXFileReference; fileEncoding = 4; lastKnownFileType = sourcecode.c.objc; path = BBMapViewController.m; sourceTree = "<group>"; };
		85A73E601C900A320019F384 /* BBNavigationController.h */ = {isa = PBXFileReference; fileEncoding = 4; lastKnownFileType = sourcecode.c.h; path = BBNavigationController.h; sourceTree = "<group>"; };
		85A73E611C900A320019F384 /* BBNavigationController.m */ = {isa = PBXFileReference; fileEncoding = 4; lastKnownFileType = sourcecode.c.objc; path = BBNavigationController.m; sourceTree = "<group>"; };
		85A73E621C900A320019F384 /* BBPageViewController.h */ = {isa = PBXFileReference; fileEncoding = 4; lastKnownFileType = sourcecode.c.h; path = BBPageViewController.h; sourceTree = "<group>"; };
		85A73E631C900A320019F384 /* BBPageViewController.m */ = {isa = PBXFileReference; fileEncoding = 4; lastKnownFileType = sourcecode.c.objc; path = BBPageViewController.m; sourceTree = "<group>"; };
		85A73E641C900A320019F384 /* BBPickerRow.h */ = {isa = PBXFileReference; fileEncoding = 4; lastKnownFileType = sourcecode.c.h; path = BBPickerRow.h; sourceTree = "<group>"; };
		85A73E651C900A320019F384 /* BBPickerRow.m */ = {isa = PBXFileReference; fileEncoding = 4; lastKnownFileType = sourcecode.c.objc; path = BBPickerRow.m; sourceTree = "<group>"; };
		85A73E661C900A320019F384 /* BBPickerTableViewCell.h */ = {isa = PBXFileReference; fileEncoding = 4; lastKnownFileType = sourcecode.c.h; path = BBPickerTableViewCell.h; sourceTree = "<group>"; };
		85A73E671C900A320019F384 /* BBPickerTableViewCell.m */ = {isa = PBXFileReference; fileEncoding = 4; lastKnownFileType = sourcecode.c.objc; path = BBPickerTableViewCell.m; sourceTree = "<group>"; };
		85A73E681C900A320019F384 /* BBQRCodeViewController.h */ = {isa = PBXFileReference; fileEncoding = 4; lastKnownFileType = sourcecode.c.h; path = BBQRCodeViewController.h; sourceTree = "<group>"; };
		85A73E691C900A320019F384 /* BBQRCodeViewController.m */ = {isa = PBXFileReference; fileEncoding = 4; lastKnownFileType = sourcecode.c.objc; path = BBQRCodeViewController.m; sourceTree = "<group>"; };
		85A73E6A1C900A320019F384 /* BBQueryStringPair.h */ = {isa = PBXFileReference; fileEncoding = 4; lastKnownFileType = sourcecode.c.h; path = BBQueryStringPair.h; sourceTree = "<group>"; };
		85A73E6B1C900A320019F384 /* BBQueryStringPair.m */ = {isa = PBXFileReference; fileEncoding = 4; lastKnownFileType = sourcecode.c.objc; path = BBQueryStringPair.m; sourceTree = "<group>"; };
		85A73E6C1C900A320019F384 /* BBResource.h */ = {isa = PBXFileReference; fileEncoding = 4; lastKnownFileType = sourcecode.c.h; path = BBResource.h; sourceTree = "<group>"; };
		85A73E6D1C900A320019F384 /* BBResource.m */ = {isa = PBXFileReference; fileEncoding = 4; lastKnownFileType = sourcecode.c.objc; path = BBResource.m; sourceTree = "<group>"; };
		85A73E6E1C900A320019F384 /* BBSearchViewController.h */ = {isa = PBXFileReference; fileEncoding = 4; lastKnownFileType = sourcecode.c.h; path = BBSearchViewController.h; sourceTree = "<group>"; };
		85A73E6F1C900A320019F384 /* BBSearchViewController.m */ = {isa = PBXFileReference; fileEncoding = 4; lastKnownFileType = sourcecode.c.objc; path = BBSearchViewController.m; sourceTree = "<group>"; };
		85A73E701C900A320019F384 /* BBSection.h */ = {isa = PBXFileReference; fileEncoding = 4; lastKnownFileType = sourcecode.c.h; path = BBSection.h; sourceTree = "<group>"; };
		85A73E711C900A320019F384 /* BBSection.m */ = {isa = PBXFileReference; fileEncoding = 4; lastKnownFileType = sourcecode.c.objc; path = BBSection.m; sourceTree = "<group>"; };
		85A73E721C900A320019F384 /* BBSegmentedControl.h */ = {isa = PBXFileReference; fileEncoding = 4; lastKnownFileType = sourcecode.c.h; path = BBSegmentedControl.h; sourceTree = "<group>"; };
		85A73E731C900A320019F384 /* BBSegmentedControl.m */ = {isa = PBXFileReference; fileEncoding = 4; lastKnownFileType = sourcecode.c.objc; path = BBSegmentedControl.m; sourceTree = "<group>"; };
		85A73E741C900A320019F384 /* BBSegmentedRow.h */ = {isa = PBXFileReference; fileEncoding = 4; lastKnownFileType = sourcecode.c.h; path = BBSegmentedRow.h; sourceTree = "<group>"; };
		85A73E751C900A320019F384 /* BBSegmentedRow.m */ = {isa = PBXFileReference; fileEncoding = 4; lastKnownFileType = sourcecode.c.objc; path = BBSegmentedRow.m; sourceTree = "<group>"; };
		85A73E761C900A320019F384 /* BBSegmentedTableViewCell.h */ = {isa = PBXFileReference; fileEncoding = 4; lastKnownFileType = sourcecode.c.h; path = BBSegmentedTableViewCell.h; sourceTree = "<group>"; };
		85A73E771C900A320019F384 /* BBSegmentedTableViewCell.m */ = {isa = PBXFileReference; fileEncoding = 4; lastKnownFileType = sourcecode.c.objc; path = BBSegmentedTableViewCell.m; sourceTree = "<group>"; };
		85A73E781C900A320019F384 /* BBSliderRow.h */ = {isa = PBXFileReference; fileEncoding = 4; lastKnownFileType = sourcecode.c.h; path = BBSliderRow.h; sourceTree = "<group>"; };
		85A73E791C900A320019F384 /* BBSliderRow.m */ = {isa = PBXFileReference; fileEncoding = 4; lastKnownFileType = sourcecode.c.objc; path = BBSliderRow.m; sourceTree = "<group>"; };
		85A73E7A1C900A320019F384 /* BBSliderTableViewCell.h */ = {isa = PBXFileReference; fileEncoding = 4; lastKnownFileType = sourcecode.c.h; path = BBSliderTableViewCell.h; sourceTree = "<group>"; };
		85A73E7B1C900A320019F384 /* BBSliderTableViewCell.m */ = {isa = PBXFileReference; fileEncoding = 4; lastKnownFileType = sourcecode.c.objc; path = BBSliderTableViewCell.m; sourceTree = "<group>"; };
		85A73E7C1C900A320019F384 /* BBSocialShareDelegate.h */ = {isa = PBXFileReference; fileEncoding = 4; lastKnownFileType = sourcecode.c.h; path = BBSocialShareDelegate.h; sourceTree = "<group>"; };
		85A73E7D1C900A320019F384 /* BBSocialShareDelegate.m */ = {isa = PBXFileReference; fileEncoding = 4; lastKnownFileType = sourcecode.c.objc; path = BBSocialShareDelegate.m; sourceTree = "<group>"; };
		85A73E7E1C900A320019F384 /* BBSplitViewController.h */ = {isa = PBXFileReference; fileEncoding = 4; lastKnownFileType = sourcecode.c.h; path = BBSplitViewController.h; sourceTree = "<group>"; };
		85A73E7F1C900A320019F384 /* BBSplitViewController.m */ = {isa = PBXFileReference; fileEncoding = 4; lastKnownFileType = sourcecode.c.objc; path = BBSplitViewController.m; sourceTree = "<group>"; };
		85A73E801C900A320019F384 /* BBStoreProductViewController.h */ = {isa = PBXFileReference; fileEncoding = 4; lastKnownFileType = sourcecode.c.h; path = BBStoreProductViewController.h; sourceTree = "<group>"; };
		85A73E811C900A320019F384 /* BBStoreProductViewController.m */ = {isa = PBXFileReference; fileEncoding = 4; lastKnownFileType = sourcecode.c.objc; path = BBStoreProductViewController.m; sourceTree = "<group>"; };
		85A73E821C900A320019F384 /* BBSwitchRow.h */ = {isa = PBXFileReference; fileEncoding = 4; lastKnownFileType = sourcecode.c.h; path = BBSwitchRow.h; sourceTree = "<group>"; };
		85A73E831C900A320019F384 /* BBSwitchRow.m */ = {isa = PBXFileReference; fileEncoding = 4; lastKnownFileType = sourcecode.c.objc; path = BBSwitchRow.m; sourceTree = "<group>"; };
		85A73E841C900A320019F384 /* BBSwitchTableViewCell.h */ = {isa = PBXFileReference; fileEncoding = 4; lastKnownFileType = sourcecode.c.h; path = BBSwitchTableViewCell.h; sourceTree = "<group>"; };
		85A73E851C900A320019F384 /* BBSwitchTableViewCell.m */ = {isa = PBXFileReference; fileEncoding = 4; lastKnownFileType = sourcecode.c.objc; path = BBSwitchTableViewCell.m; sourceTree = "<group>"; };
		85A73E861C900A320019F384 /* BBTabBarController.h */ = {isa = PBXFileReference; fileEncoding = 4; lastKnownFileType = sourcecode.c.h; path = BBTabBarController.h; sourceTree = "<group>"; };
		85A73E871C900A320019F384 /* BBTabBarController.m */ = {isa = PBXFileReference; fileEncoding = 4; lastKnownFileType = sourcecode.c.objc; path = BBTabBarController.m; sourceTree = "<group>"; };
		85A73E881C900A320019F384 /* BBTabBarItem.h */ = {isa = PBXFileReference; fileEncoding = 4; lastKnownFileType = sourcecode.c.h; path = BBTabBarItem.h; sourceTree = "<group>"; };
		85A73E891C900A320019F384 /* BBTabBarItem.m */ = {isa = PBXFileReference; fileEncoding = 4; lastKnownFileType = sourcecode.c.objc; path = BBTabBarItem.m; sourceTree = "<group>"; };
		85A73E8A1C900A320019F384 /* BBTableViewCell.h */ = {isa = PBXFileReference; fileEncoding = 4; lastKnownFileType = sourcecode.c.h; path = BBTableViewCell.h; sourceTree = "<group>"; };
		85A73E8B1C900A320019F384 /* BBTableViewCell.m */ = {isa = PBXFileReference; fileEncoding = 4; lastKnownFileType = sourcecode.c.objc; path = BBTableViewCell.m; sourceTree = "<group>"; };
		85A73E8C1C900A320019F384 /* BBTableViewDataSource.h */ = {isa = PBXFileReference; fileEncoding = 4; lastKnownFileType = sourcecode.c.h; path = BBTableViewDataSource.h; sourceTree = "<group>"; };
		85A73E8D1C900A320019F384 /* BBTableViewDataSource.m */ = {isa = PBXFileReference; fileEncoding = 4; lastKnownFileType = sourcecode.c.objc; path = BBTableViewDataSource.m; sourceTree = "<group>"; };
		85A73E8E1C900A320019F384 /* BBTableViewDelegate.h */ = {isa = PBXFileReference; fileEncoding = 4; lastKnownFileType = sourcecode.c.h; path = BBTableViewDelegate.h; sourceTree = "<group>"; };
		85A73E8F1C900A320019F384 /* BBTableViewDelegate.m */ = {isa = PBXFileReference; fileEncoding = 4; lastKnownFileType = sourcecode.c.objc; path = BBTableViewDelegate.m; sourceTree = "<group>"; };
		85A73E901C900A320019F384 /* BBTableViewDelegateWithRowHeight.h */ = {isa = PBXFileReference; fileEncoding = 4; lastKnownFileType = sourcecode.c.h; path = BBTableViewDelegateWithRowHeight.h; sourceTree = "<group>"; };
		85A73E911C900A320019F384 /* BBTableViewDelegateWithRowHeight.m */ = {isa = PBXFileReference; fileEncoding = 4; lastKnownFileType = sourcecode.c.objc; path = BBTableViewDelegateWithRowHeight.m; sourceTree = "<group>"; };
		85A73E921C900A320019F384 /* BBViewController.h */ = {isa = PBXFileReference; fileEncoding = 4; lastKnownFileType = sourcecode.c.h; path = BBViewController.h; sourceTree = "<group>"; };
		85A73E931C900A320019F384 /* BBViewController.m */ = {isa = PBXFileReference; fileEncoding = 4; lastKnownFileType = sourcecode.c.objc; path = BBViewController.m; sourceTree = "<group>"; };
		85A73E941C900A320019F384 /* BBWebViewController.h */ = {isa = PBXFileReference; fileEncoding = 4; lastKnownFileType = sourcecode.c.h; path = BBWebViewController.h; sourceTree = "<group>"; };
		85A73E951C900A320019F384 /* BBWebViewController.m */ = {isa = PBXFileReference; fileEncoding = 4; lastKnownFileType = sourcecode.c.objc; path = BBWebViewController.m; sourceTree = "<group>"; };
		85A73E961C900A320019F384 /* BBWebViewRow.h */ = {isa = PBXFileReference; fileEncoding = 4; lastKnownFileType = sourcecode.c.h; path = BBWebViewRow.h; sourceTree = "<group>"; };
		85A73E971C900A320019F384 /* BBWebViewRow.m */ = {isa = PBXFileReference; fileEncoding = 4; lastKnownFileType = sourcecode.c.objc; path = BBWebViewRow.m; sourceTree = "<group>"; };
		85A73E981C900A320019F384 /* BBWebViewSSLProtocol.h */ = {isa = PBXFileReference; fileEncoding = 4; lastKnownFileType = sourcecode.c.h; path = BBWebViewSSLProtocol.h; sourceTree = "<group>"; };
		85A73E991C900A320019F384 /* BBWebViewSSLProtocol.m */ = {isa = PBXFileReference; fileEncoding = 4; lastKnownFileType = sourcecode.c.objc; path = BBWebViewSSLProtocol.m; sourceTree = "<group>"; };
		85A73E9A1C900A320019F384 /* BBWebViewTableViewCell.h */ = {isa = PBXFileReference; fileEncoding = 4; lastKnownFileType = sourcecode.c.h; path = BBWebViewTableViewCell.h; sourceTree = "<group>"; };
		85A73E9B1C900A320019F384 /* BBWebViewTableViewCell.m */ = {isa = PBXFileReference; fileEncoding = 4; lastKnownFileType = sourcecode.c.objc; path = BBWebViewTableViewCell.m; sourceTree = "<group>"; };
		85A73E9C1C900A320019F384 /* BBWindow.h */ = {isa = PBXFileReference; fileEncoding = 4; lastKnownFileType = sourcecode.c.h; path = BBWindow.h; sourceTree = "<group>"; };
		85A73E9D1C900A320019F384 /* BBWindow.m */ = {isa = PBXFileReference; fileEncoding = 4; lastKnownFileType = sourcecode.c.objc; path = BBWindow.m; sourceTree = "<group>"; };
		85A73EF31C9113890019F384 /* TAExchangeRow.h */ = {isa = PBXFileReference; fileEncoding = 4; lastKnownFileType = sourcecode.c.h; path = TAExchangeRow.h; sourceTree = "<group>"; };
		85A73EF41C9113890019F384 /* TAExchangeRow.m */ = {isa = PBXFileReference; fileEncoding = 4; lastKnownFileType = sourcecode.c.objc; path = TAExchangeRow.m; sourceTree = "<group>"; };
/* End PBXFileReference section */

/* Begin PBXFrameworksBuildPhase section */
		85A73D7F1C8D5D930019F384 /* Frameworks */ = {
			isa = PBXFrameworksBuildPhase;
			buildActionMask = 2147483647;
			files = (
			);
			runOnlyForDeploymentPostprocessing = 0;
		};
		85A73D981C8D5D930019F384 /* Frameworks */ = {
			isa = PBXFrameworksBuildPhase;
			buildActionMask = 2147483647;
			files = (
			);
			runOnlyForDeploymentPostprocessing = 0;
		};
		85A73DA31C8D5D930019F384 /* Frameworks */ = {
			isa = PBXFrameworksBuildPhase;
			buildActionMask = 2147483647;
			files = (
			);
			runOnlyForDeploymentPostprocessing = 0;
		};
/* End PBXFrameworksBuildPhase section */

/* Begin PBXGroup section */
		85A73D791C8D5D930019F384 = {
			isa = PBXGroup;
			children = (
				85A73D841C8D5D930019F384 /* Train */,
				85A73D9E1C8D5D930019F384 /* TrainTests */,
				85A73DA91C8D5D930019F384 /* TrainUITests */,
				85A73D831C8D5D930019F384 /* Products */,
			);
			sourceTree = "<group>";
		};
		85A73D831C8D5D930019F384 /* Products */ = {
			isa = PBXGroup;
			children = (
				85A73D821C8D5D930019F384 /* Train.app */,
				85A73D9B1C8D5D930019F384 /* TrainTests.xctest */,
				85A73DA61C8D5D930019F384 /* TrainUITests.xctest */,
			);
			name = Products;
			sourceTree = "<group>";
		};
		85A73D841C8D5D930019F384 /* Train */ = {
			isa = PBXGroup;
			children = (
				85A73D881C8D5D930019F384 /* AppDelegate.h */,
				85A73D891C8D5D930019F384 /* AppDelegate.m */,
				85A73DB81C8D71340019F384 /* BBJavaScriptBridge.h */,
				85A73DB91C8D71340019F384 /* BBJavaScriptBridge.m */,
				85A73DC11C8D79680019F384 /* BBRow.h */,
				85A73DC21C8D79680019F384 /* BBRow.m */,
				85A73DBB1C8D74620019F384 /* BBJavaScriptContext.h */,
				85A73DBC1C8D74620019F384 /* BBJavaScriptContext.m */,
				85A73DC41C8D7A8B0019F384 /* JSContext.h */,
				85A73DC51C8D7A8B0019F384 /* JSContext.m */,
				85A73DBE1C8D78910019F384 /* BBAction.h */,
				85A73DBF1C8D78910019F384 /* BBAction.m */,
				85A73D8B1C8D5D930019F384 /* ViewController.h */,
				85A73D8C1C8D5D930019F384 /* ViewController.m */,
				85A73DC71C8D7B4E0019F384 /* BBJavaScriptCoreContext.h */,
				85A73DC81C8D7B4E0019F384 /* BBJavaScriptCoreContext.m */,
				85A73DCA1C8D7BF20019F384 /* BBWebViewContext.h */,
				85A73DCB1C8D7BF20019F384 /* BBWebViewContext.m */,
				85A73DCD1C8E7CD80019F384 /* BBWebViewAJAXProtocol.h */,
				85A73DCE1C8E7CD80019F384 /* BBWebViewAJAXProtocol.m */,
				85A73DD01C8EA35A0019F384 /* BBTableViewController.h */,
				85A73DD11C8EA35A0019F384 /* BBTableViewController.m */,
				85A73DD31C8EB5E60019F384 /* BBTableView.h */,
				85A73DD41C8EB5E60019F384 /* BBTableView.m */,
				85A73DE51C8ED2B20019F384 /* BBRoot.h */,
				85A73DE61C8ED2B20019F384 /* BBRoot.m */,
				85A73DE81C8ED2F50019F384 /* BBAttribute.h */,
				85A73DE91C8ED2F50019F384 /* BBAttribute.m */,
				85A73DEB1C8ED3690019F384 /* BBCollectionView.h */,
				85A73DEC1C8ED3690019F384 /* BBCollectionView.m */,
				85A73DEE1C8ED8F60019F384 /* BBUtil.h */,
				85A73DEF1C8ED8F60019F384 /* BBUtil.m */,
				85A73DF41C900A310019F384 /* BBAccessoryButton.h */,
				85A73DF51C900A310019F384 /* BBAccessoryButton.m */,
				85A73DF61C900A310019F384 /* BBAction(Calendar).h */,
				85A73DF71C900A310019F384 /* BBAction(Calendar).m */,
				85A73DF81C900A310019F384 /* BBAction(Flurry).h */,
				85A73DF91C900A310019F384 /* BBAction(Flurry).m */,
				85A73DFA1C900A310019F384 /* BBActionSheet.h */,
				85A73DFB1C900A310019F384 /* BBActionSheet.m */,
				85A73DFC1C900A310019F384 /* BBAddPassesViewController.h */,
				85A73DFD1C900A310019F384 /* BBAddPassesViewController.m */,
				85A73DFE1C900A310019F384 /* BBAlertView.h */,
				85A73DFF1C900A310019F384 /* BBAlertView.m */,
				85A73E001C900A310019F384 /* BBAppDelegate.h */,
				85A73E011C900A310019F384 /* BBAppDelegate.m */,
				85A73E021C900A310019F384 /* BBBadgeLabel.h */,
				85A73E031C900A310019F384 /* BBBadgeLabel.m */,
				85A73E041C900A310019F384 /* BBBadgeRow.h */,
				85A73E051C900A310019F384 /* BBBadgeRow.m */,
				85A73E061C900A310019F384 /* BBBadgeTableViewCell.h */,
				85A73E071C900A310019F384 /* BBBadgeTableViewCell.m */,
				85A73E081C900A310019F384 /* BBBarButtonItem.h */,
				85A73E091C900A310019F384 /* BBBarButtonItem.m */,
				85A73E0A1C900A310019F384 /* BBButton.h */,
				85A73E0B1C900A310019F384 /* BBButton.m */,
				85A73E0C1C900A310019F384 /* BBButtonGroup.h */,
				85A73E0D1C900A310019F384 /* BBButtonGroup.m */,
				85A73E0E1C900A310019F384 /* BBButtonGroupRow.h */,
				85A73E0F1C900A310019F384 /* BBButtonGroupRow.m */,
				85A73E101C900A310019F384 /* BBButtonGroupTableViewCell.h */,
				85A73E111C900A310019F384 /* BBButtonGroupTableViewCell.m */,
				85A73E121C900A310019F384 /* BBButtonRow.h */,
				85A73E131C900A310019F384 /* BBButtonRow.m */,
				85A73E141C900A310019F384 /* BBButtonTableViewCell.h */,
				85A73E151C900A310019F384 /* BBButtonTableViewCell.m */,
				85A73E161C900A310019F384 /* BBCalendarRow.h */,
				85A73E171C900A310019F384 /* BBCalendarRow.m */,
				85A73E181C900A310019F384 /* BBCalendarViewController.h */,
				85A73E191C900A310019F384 /* BBCalendarViewController.m */,
				85A73E1A1C900A310019F384 /* BBCaptchaRow.h */,
				85A73E1B1C900A310019F384 /* BBCaptchaRow.m */,
				85A73E1C1C900A310019F384 /* BBCaptchaView.h */,
				85A73E1D1C900A310019F384 /* BBCaptchaView.m */,
				85A73E1E1C900A310019F384 /* BBCodeReader.h */,
				85A73E1F1C900A310019F384 /* BBCodeReader.m */,
				85A73E201C900A310019F384 /* BBCodeView.h */,
				85A73E211C900A310019F384 /* BBCodeView.m */,
				85A73E221C900A310019F384 /* BBCollectionSeparatorView.h */,
				85A73E231C900A310019F384 /* BBCollectionSeparatorView.m */,
				85A73E241C900A310019F384 /* BBCollectionViewCell.h */,
				85A73E251C900A310019F384 /* BBCollectionViewCell.m */,
				85A73E261C900A310019F384 /* BBCollectionViewController.h */,
				85A73E271C900A310019F384 /* BBCollectionViewController.m */,
				85A73E281C900A310019F384 /* BBCollectionViewDataSource.h */,
				85A73E291C900A310019F384 /* BBCollectionViewDataSource.m */,
				85A73E2A1C900A310019F384 /* BBCollectionViewDelegate.h */,
				85A73E2B1C900A310019F384 /* BBCollectionViewDelegate.m */,
				85A73E2C1C900A310019F384 /* BBCollectionViewSeparatorLayout.h */,
				85A73E2D1C900A310019F384 /* BBCollectionViewSeparatorLayout.m */,
				85A73E2E1C900A310019F384 /* BBDateRow.h */,
				85A73E2F1C900A310019F384 /* BBDateRow.m */,
				85A73E301C900A310019F384 /* BBDateTableViewCell.h */,
				85A73E311C900A310019F384 /* BBDateTableViewCell.m */,
				85A73E321C900A310019F384 /* BBFieldRow.h */,
				85A73E331C900A310019F384 /* BBFieldRow.m */,
				85A73E341C900A310019F384 /* BBFieldTableViewCell.h */,
				85A73E351C900A310019F384 /* BBFieldTableViewCell.m */,
				85A73E361C900A310019F384 /* BBGoogleAdRow.h */,
				85A73E371C900A310019F384 /* BBGoogleAdRow.m */,
				85A73E381C900A310019F384 /* BBGridRow.h */,
				85A73E391C900A310019F384 /* BBGridRow.m */,
				85A73E3A1C900A310019F384 /* BBGridSection.h */,
				85A73E3B1C900A310019F384 /* BBGridSection.m */,
				85A73E3C1C900A310019F384 /* BBGridTableViewCell.h */,
				85A73E3D1C900A310019F384 /* BBGridTableViewCell.m */,
				85A73E3E1C900A310019F384 /* BBHtmlRow.h */,
				85A73E3F1C900A310019F384 /* BBHtmlRow.m */,
				85A73E401C900A310019F384 /* BBHtmlTableViewCell.h */,
				85A73E411C900A310019F384 /* BBHtmlTableViewCell.m */,
				85A73E421C900A310019F384 /* BBHTTPRequestSerializer.h */,
				85A73E431C900A310019F384 /* BBHTTPRequestSerializer.m */,
				85A73E441C900A310019F384 /* BBIconFont.h */,
				85A73E451C900A310019F384 /* BBIconFont.m */,
				85A73E461C900A310019F384 /* BBIconFont(FontAwesome).h */,
				85A73E471C900A310019F384 /* BBIconFont(FontAwesome).m */,
				85A73E481C900A310019F384 /* BBIconFont(ZXIcon).h */,
				85A73E491C900A310019F384 /* BBIconFont(ZXIcon).m */,
				85A73E4A1C900A310019F384 /* BBImagePageRow.h */,
				85A73E4B1C900A310019F384 /* BBImagePageRow.m */,
				85A73E4C1C900A310019F384 /* BBImagePageTableViewCell.h */,
				85A73E4D1C900A310019F384 /* BBImagePageTableViewCell.m */,
				85A73E4E1C900A310019F384 /* BBImagePageView.h */,
				85A73E4F1C900A310019F384 /* BBImagePageView.m */,
				85A73E501C900A310019F384 /* BBInputRow.h */,
				85A73E511C900A320019F384 /* BBInputRow.m */,
				85A73E521C900A320019F384 /* BBInputTableViewCell.h */,
				85A73E531C900A320019F384 /* BBInputTableViewCell.m */,
				85A73E541C900A320019F384 /* BBItem.h */,
				85A73E551C900A320019F384 /* BBItem.m */,
				85A73E561C900A320019F384 /* BBLocationConverter.h */,
				85A73E571C900A320019F384 /* BBLocationConverter.m */,
				85A73E581C900A320019F384 /* BBMailComposeViewController.h */,
				85A73E591C900A320019F384 /* BBMailComposeViewController.m */,
				85A73E5A1C900A320019F384 /* BBMailRow.h */,
				85A73E5B1C900A320019F384 /* BBMailRow.m */,
				85A73E5C1C900A320019F384 /* BBMapAnnotation.h */,
				85A73E5D1C900A320019F384 /* BBMapAnnotation.m */,
				85A73E5E1C900A320019F384 /* BBMapViewController.h */,
				85A73E5F1C900A320019F384 /* BBMapViewController.m */,
				85A73E601C900A320019F384 /* BBNavigationController.h */,
				85A73E611C900A320019F384 /* BBNavigationController.m */,
				85A73E621C900A320019F384 /* BBPageViewController.h */,
				85A73E631C900A320019F384 /* BBPageViewController.m */,
				85A73E641C900A320019F384 /* BBPickerRow.h */,
				85A73E651C900A320019F384 /* BBPickerRow.m */,
				85A73E661C900A320019F384 /* BBPickerTableViewCell.h */,
				85A73E671C900A320019F384 /* BBPickerTableViewCell.m */,
				85A73E681C900A320019F384 /* BBQRCodeViewController.h */,
				85A73E691C900A320019F384 /* BBQRCodeViewController.m */,
				85A73E6A1C900A320019F384 /* BBQueryStringPair.h */,
				85A73E6B1C900A320019F384 /* BBQueryStringPair.m */,
				85A73E6C1C900A320019F384 /* BBResource.h */,
				85A73E6D1C900A320019F384 /* BBResource.m */,
				85A73E6E1C900A320019F384 /* BBSearchViewController.h */,
				85A73E6F1C900A320019F384 /* BBSearchViewController.m */,
				85A73E701C900A320019F384 /* BBSection.h */,
				85A73E711C900A320019F384 /* BBSection.m */,
				85A73E721C900A320019F384 /* BBSegmentedControl.h */,
				85A73E731C900A320019F384 /* BBSegmentedControl.m */,
				85A73E741C900A320019F384 /* BBSegmentedRow.h */,
				85A73E751C900A320019F384 /* BBSegmentedRow.m */,
				85A73E761C900A320019F384 /* BBSegmentedTableViewCell.h */,
				85A73E771C900A320019F384 /* BBSegmentedTableViewCell.m */,
				85A73E781C900A320019F384 /* BBSliderRow.h */,
				85A73E791C900A320019F384 /* BBSliderRow.m */,
				85A73E7A1C900A320019F384 /* BBSliderTableViewCell.h */,
				85A73E7B1C900A320019F384 /* BBSliderTableViewCell.m */,
				85A73E7C1C900A320019F384 /* BBSocialShareDelegate.h */,
				85A73E7D1C900A320019F384 /* BBSocialShareDelegate.m */,
				85A73E7E1C900A320019F384 /* BBSplitViewController.h */,
				85A73E7F1C900A320019F384 /* BBSplitViewController.m */,
				85A73E801C900A320019F384 /* BBStoreProductViewController.h */,
				85A73E811C900A320019F384 /* BBStoreProductViewController.m */,
				85A73E821C900A320019F384 /* BBSwitchRow.h */,
				85A73E831C900A320019F384 /* BBSwitchRow.m */,
				85A73E841C900A320019F384 /* BBSwitchTableViewCell.h */,
				85A73E851C900A320019F384 /* BBSwitchTableViewCell.m */,
				85A73E861C900A320019F384 /* BBTabBarController.h */,
				85A73E871C900A320019F384 /* BBTabBarController.m */,
				85A73E881C900A320019F384 /* BBTabBarItem.h */,
				85A73E891C900A320019F384 /* BBTabBarItem.m */,
				85A73E8A1C900A320019F384 /* BBTableViewCell.h */,
				85A73E8B1C900A320019F384 /* BBTableViewCell.m */,
				85A73E8C1C900A320019F384 /* BBTableViewDataSource.h */,
				85A73E8D1C900A320019F384 /* BBTableViewDataSource.m */,
				85A73E8E1C900A320019F384 /* BBTableViewDelegate.h */,
				85A73E8F1C900A320019F384 /* BBTableViewDelegate.m */,
				85A73E901C900A320019F384 /* BBTableViewDelegateWithRowHeight.h */,
				85A73E911C900A320019F384 /* BBTableViewDelegateWithRowHeight.m */,
				85A73E921C900A320019F384 /* BBViewController.h */,
				85A73E931C900A320019F384 /* BBViewController.m */,
				85A73E941C900A320019F384 /* BBWebViewController.h */,
				85A73E951C900A320019F384 /* BBWebViewController.m */,
				85A73E961C900A320019F384 /* BBWebViewRow.h */,
				85A73E971C900A320019F384 /* BBWebViewRow.m */,
				85A73E981C900A320019F384 /* BBWebViewSSLProtocol.h */,
				85A73E991C900A320019F384 /* BBWebViewSSLProtocol.m */,
				85A73E9A1C900A320019F384 /* BBWebViewTableViewCell.h */,
				85A73E9B1C900A320019F384 /* BBWebViewTableViewCell.m */,
				85A73E9C1C900A320019F384 /* BBWindow.h */,
				85A73E9D1C900A320019F384 /* BBWindow.m */,
				85A73EF31C9113890019F384 /* TAExchangeRow.h */,
				85A73EF41C9113890019F384 /* TAExchangeRow.m */,
				85311F211C9172D900DDD3D3 /* TAOrderTrainTableViewCell.h */,
				85311F221C9172D900DDD3D3 /* TAOrderTrainTableViewCell.m */,
				85A73D8E1C8D5D930019F384 /* Main.storyboard */,
				85A73D911C8D5D930019F384 /* Assets.xcassets */,
				85A73D931C8D5D930019F384 /* LaunchScreen.storyboard */,
				85A73D961C8D5D930019F384 /* Info.plist */,
				85A73D851C8D5D930019F384 /* Supporting Files */,
				85A73DF31C9002440019F384 /* define.h */,
			);
			path = Train;
			sourceTree = "<group>";
		};
		85A73D851C8D5D930019F384 /* Supporting Files */ = {
			isa = PBXGroup;
			children = (
				85A73D861C8D5D930019F384 /* main.m */,
			);
			name = "Supporting Files";
			sourceTree = "<group>";
		};
		85A73D9E1C8D5D930019F384 /* TrainTests */ = {
			isa = PBXGroup;
			children = (
				85A73D9F1C8D5D930019F384 /* TrainTests.m */,
				85A73DA11C8D5D930019F384 /* Info.plist */,
			);
			path = TrainTests;
			sourceTree = "<group>";
		};
		85A73DA91C8D5D930019F384 /* TrainUITests */ = {
			isa = PBXGroup;
			children = (
				85A73DAA1C8D5D930019F384 /* TrainUITests.m */,
				85A73DAC1C8D5D930019F384 /* Info.plist */,
			);
			path = TrainUITests;
			sourceTree = "<group>";
		};
/* End PBXGroup section */

/* Begin PBXNativeTarget section */
		85A73D811C8D5D930019F384 /* Train */ = {
			isa = PBXNativeTarget;
			buildConfigurationList = 85A73DAF1C8D5D930019F384 /* Build configuration list for PBXNativeTarget "Train" */;
			buildPhases = (
				85A73D7E1C8D5D930019F384 /* Sources */,
				85A73D7F1C8D5D930019F384 /* Frameworks */,
				85A73D801C8D5D930019F384 /* Resources */,
			);
			buildRules = (
			);
			dependencies = (
			);
			name = Train;
			productName = Train;
			productReference = 85A73D821C8D5D930019F384 /* Train.app */;
			productType = "com.apple.product-type.application";
		};
		85A73D9A1C8D5D930019F384 /* TrainTests */ = {
			isa = PBXNativeTarget;
			buildConfigurationList = 85A73DB21C8D5D930019F384 /* Build configuration list for PBXNativeTarget "TrainTests" */;
			buildPhases = (
				85A73D971C8D5D930019F384 /* Sources */,
				85A73D981C8D5D930019F384 /* Frameworks */,
				85A73D991C8D5D930019F384 /* Resources */,
			);
			buildRules = (
			);
			dependencies = (
				85A73D9D1C8D5D930019F384 /* PBXTargetDependency */,
			);
			name = TrainTests;
			productName = TrainTests;
			productReference = 85A73D9B1C8D5D930019F384 /* TrainTests.xctest */;
			productType = "com.apple.product-type.bundle.unit-test";
		};
		85A73DA51C8D5D930019F384 /* TrainUITests */ = {
			isa = PBXNativeTarget;
			buildConfigurationList = 85A73DB51C8D5D930019F384 /* Build configuration list for PBXNativeTarget "TrainUITests" */;
			buildPhases = (
				85A73DA21C8D5D930019F384 /* Sources */,
				85A73DA31C8D5D930019F384 /* Frameworks */,
				85A73DA41C8D5D930019F384 /* Resources */,
			);
			buildRules = (
			);
			dependencies = (
				85A73DA81C8D5D930019F384 /* PBXTargetDependency */,
			);
			name = TrainUITests;
			productName = TrainUITests;
			productReference = 85A73DA61C8D5D930019F384 /* TrainUITests.xctest */;
			productType = "com.apple.product-type.bundle.ui-testing";
		};
/* End PBXNativeTarget section */

/* Begin PBXProject section */
		85A73D7A1C8D5D930019F384 /* Project object */ = {
			isa = PBXProject;
			attributes = {
				LastUpgradeCheck = 0720;
				ORGANIZATIONNAME = com.12307;
				TargetAttributes = {
					85A73D811C8D5D930019F384 = {
						CreatedOnToolsVersion = 7.2;
					};
					85A73D9A1C8D5D930019F384 = {
						CreatedOnToolsVersion = 7.2;
						TestTargetID = 85A73D811C8D5D930019F384;
					};
					85A73DA51C8D5D930019F384 = {
						CreatedOnToolsVersion = 7.2;
						TestTargetID = 85A73D811C8D5D930019F384;
					};
				};
			};
			buildConfigurationList = 85A73D7D1C8D5D930019F384 /* Build configuration list for PBXProject "Train" */;
			compatibilityVersion = "Xcode 3.2";
			developmentRegion = English;
			hasScannedForEncodings = 0;
			knownRegions = (
				en,
				Base,
			);
			mainGroup = 85A73D791C8D5D930019F384;
			productRefGroup = 85A73D831C8D5D930019F384 /* Products */;
			projectDirPath = "";
			projectRoot = "";
			targets = (
				85A73D811C8D5D930019F384 /* Train */,
				85A73D9A1C8D5D930019F384 /* TrainTests */,
				85A73DA51C8D5D930019F384 /* TrainUITests */,
			);
		};
/* End PBXProject section */

/* Begin PBXResourcesBuildPhase section */
		85A73D801C8D5D930019F384 /* Resources */ = {
			isa = PBXResourcesBuildPhase;
			buildActionMask = 2147483647;
			files = (
				85A73D951C8D5D930019F384 /* LaunchScreen.storyboard in Resources */,
				85A73D921C8D5D930019F384 /* Assets.xcassets in Resources */,
				85A73D901C8D5D930019F384 /* Main.storyboard in Resources */,
			);
			runOnlyForDeploymentPostprocessing = 0;
		};
		85A73D991C8D5D930019F384 /* Resources */ = {
			isa = PBXResourcesBuildPhase;
			buildActionMask = 2147483647;
			files = (
			);
			runOnlyForDeploymentPostprocessing = 0;
		};
		85A73DA41C8D5D930019F384 /* Resources */ = {
			isa = PBXResourcesBuildPhase;
			buildActionMask = 2147483647;
			files = (
			);
			runOnlyForDeploymentPostprocessing = 0;
		};
/* End PBXResourcesBuildPhase section */

/* Begin PBXSourcesBuildPhase section */
		85A73D7E1C8D5D930019F384 /* Sources */ = {
			isa = PBXSourcesBuildPhase;
			buildActionMask = 2147483647;
			files = (
				85A73EAD1C900A320019F384 /* BBButtonRow.m in Sources */,
				85A73EE61C900A320019F384 /* BBSwitchTableViewCell.m in Sources */,
				85A73EA81C900A320019F384 /* BBBarButtonItem.m in Sources */,
				85A73EEE1C900A320019F384 /* BBWebViewController.m in Sources */,
				85A73DD51C8EB5E60019F384 /* BBTableView.m in Sources */,
				85A73ED31C900A320019F384 /* BBMapViewController.m in Sources */,
				85A73EC31C900A320019F384 /* BBHtmlRow.m in Sources */,
				85A73DC91C8D7B4E0019F384 /* BBJavaScriptCoreContext.m in Sources */,
				85A73ED11C900A320019F384 /* BBMailRow.m in Sources */,
				85A73EC01C900A320019F384 /* BBGridRow.m in Sources */,
				85A73EB71C900A320019F384 /* BBCollectionViewController.m in Sources */,
				85A73EC81C900A320019F384 /* BBIconFont(ZXIcon).m in Sources */,
				85A73EA91C900A320019F384 /* BBButton.m in Sources */,
				85A73ED41C900A320019F384 /* BBNavigationController.m in Sources */,
				85A73EAF1C900A320019F384 /* BBCalendarRow.m in Sources */,
				85A73ED91C900A320019F384 /* BBQueryStringPair.m in Sources */,
				85A73DEA1C8ED2F50019F384 /* BBAttribute.m in Sources */,
				85A73ED51C900A320019F384 /* BBPageViewController.m in Sources */,
				85A73EC11C900A320019F384 /* BBGridSection.m in Sources */,
				85A73EA21C900A320019F384 /* BBAddPassesViewController.m in Sources */,
				85A73DC61C8D7A8B0019F384 /* JSContext.m in Sources */,
				85A73EAC1C900A320019F384 /* BBButtonGroupTableViewCell.m in Sources */,
				85A73EB01C900A320019F384 /* BBCalendarViewController.m in Sources */,
				85A73D8D1C8D5D930019F384 /* ViewController.m in Sources */,
				85A73DC31C8D79680019F384 /* BBRow.m in Sources */,
				85A73EDA1C900A320019F384 /* BBResource.m in Sources */,
				85A73EAE1C900A320019F384 /* BBButtonTableViewCell.m in Sources */,
				85A73EA11C900A320019F384 /* BBActionSheet.m in Sources */,
				85A73EBE1C900A320019F384 /* BBFieldTableViewCell.m in Sources */,
				85A73EEB1C900A320019F384 /* BBTableViewDelegate.m in Sources */,
				85A73EC51C900A320019F384 /* BBHTTPRequestSerializer.m in Sources */,
				85A73ECA1C900A320019F384 /* BBImagePageTableViewCell.m in Sources */,
				85A73E9E1C900A320019F384 /* BBAccessoryButton.m in Sources */,
				85A73EE71C900A320019F384 /* BBTabBarController.m in Sources */,
				85A73EEA1C900A320019F384 /* BBTableViewDataSource.m in Sources */,
				85A73ED21C900A320019F384 /* BBMapAnnotation.m in Sources */,
				85A73EAA1C900A320019F384 /* BBButtonGroup.m in Sources */,
				85A73EBF1C900A320019F384 /* BBGoogleAdRow.m in Sources */,
				85A73EB21C900A320019F384 /* BBCaptchaView.m in Sources */,
				85A73EE11C900A320019F384 /* BBSliderTableViewCell.m in Sources */,
				85A73ED71C900A320019F384 /* BBPickerTableViewCell.m in Sources */,
				85A73EB31C900A320019F384 /* BBCodeReader.m in Sources */,
				85A73ECD1C900A320019F384 /* BBInputTableViewCell.m in Sources */,
				85A73DF01C8ED8F60019F384 /* BBUtil.m in Sources */,
				85A73EA41C900A320019F384 /* BBAppDelegate.m in Sources */,
				85A73DE71C8ED2B20019F384 /* BBRoot.m in Sources */,
				85A73EF01C900A320019F384 /* BBWebViewSSLProtocol.m in Sources */,
				85A73EAB1C900A320019F384 /* BBButtonGroupRow.m in Sources */,
				85A73EDF1C900A320019F384 /* BBSegmentedTableViewCell.m in Sources */,
				85A73EA31C900A320019F384 /* BBAlertView.m in Sources */,
				85A73EB81C900A320019F384 /* BBCollectionViewDataSource.m in Sources */,
				85A73DBD1C8D74620019F384 /* BBJavaScriptContext.m in Sources */,
				85A73EA51C900A320019F384 /* BBBadgeLabel.m in Sources */,
				85A73EE21C900A320019F384 /* BBSocialShareDelegate.m in Sources */,
				85A73EB51C900A320019F384 /* BBCollectionSeparatorView.m in Sources */,
				85A73DED1C8ED3690019F384 /* BBCollectionView.m in Sources */,
				85311F231C9172D900DDD3D3 /* TAOrderTrainTableViewCell.m in Sources */,
				85A73EE41C900A320019F384 /* BBStoreProductViewController.m in Sources */,
				85A73DD21C8EA35A0019F384 /* BBTableViewController.m in Sources */,
				85A73EC41C900A320019F384 /* BBHtmlTableViewCell.m in Sources */,
				85A73D8A1C8D5D930019F384 /* AppDelegate.m in Sources */,
				85A73EBA1C900A320019F384 /* BBCollectionViewSeparatorLayout.m in Sources */,
				85A73DC01C8D78910019F384 /* BBAction.m in Sources */,
				85A73E9F1C900A320019F384 /* BBAction(Calendar).m in Sources */,
				85A73EC71C900A320019F384 /* BBIconFont(FontAwesome).m in Sources */,
				85A73D871C8D5D930019F384 /* main.m in Sources */,
				85A73EDB1C900A320019F384 /* BBSearchViewController.m in Sources */,
				85A73EE31C900A320019F384 /* BBSplitViewController.m in Sources */,
				85A73EF21C900A320019F384 /* BBWindow.m in Sources */,
				85A73EA01C900A320019F384 /* BBAction(Flurry).m in Sources */,
				85A73EE91C900A320019F384 /* BBTableViewCell.m in Sources */,
				85A73EE51C900A320019F384 /* BBSwitchRow.m in Sources */,
				85A73ECE1C900A320019F384 /* BBItem.m in Sources */,
				85A73EC21C900A320019F384 /* BBGridTableViewCell.m in Sources */,
				85A73EC61C900A320019F384 /* BBIconFont.m in Sources */,
				85A73EEF1C900A320019F384 /* BBWebViewRow.m in Sources */,
				85A73ECB1C900A320019F384 /* BBImagePageView.m in Sources */,
				85A73EBC1C900A320019F384 /* BBDateTableViewCell.m in Sources */,
				85A73EE01C900A320019F384 /* BBSliderRow.m in Sources */,
				85A73ECC1C900A320019F384 /* BBInputRow.m in Sources */,
				85A73EDC1C900A320019F384 /* BBSection.m in Sources */,
				85A73ED81C900A320019F384 /* BBQRCodeViewController.m in Sources */,
				85A73EB61C900A320019F384 /* BBCollectionViewCell.m in Sources */,
				85A73EB41C900A320019F384 /* BBCodeView.m in Sources */,
				85A73EDD1C900A320019F384 /* BBSegmentedControl.m in Sources */,
				85A73EA61C900A320019F384 /* BBBadgeRow.m in Sources */,
				85A73ED61C900A320019F384 /* BBPickerRow.m in Sources */,
				85A73DCF1C8E7CD80019F384 /* BBWebViewAJAXProtocol.m in Sources */,
				85A73EE81C900A320019F384 /* BBTabBarItem.m in Sources */,
				85A73EB91C900A320019F384 /* BBCollectionViewDelegate.m in Sources */,
				85A73DBA1C8D71340019F384 /* BBJavaScriptBridge.m in Sources */,
				85A73EDE1C900A320019F384 /* BBSegmentedRow.m in Sources */,
				85A73ED01C900A320019F384 /* BBMailComposeViewController.m in Sources */,
				85A73EBB1C900A320019F384 /* BBDateRow.m in Sources */,
				85A73DCC1C8D7BF20019F384 /* BBWebViewContext.m in Sources */,
				85A73EED1C900A320019F384 /* BBViewController.m in Sources */,
				85A73ECF1C900A320019F384 /* BBLocationConverter.m in Sources */,
				85A73EBD1C900A320019F384 /* BBFieldRow.m in Sources */,
				85A73EF51C9113890019F384 /* TAExchangeRow.m in Sources */,
				85A73EEC1C900A320019F384 /* BBTableViewDelegateWithRowHeight.m in Sources */,
				85A73EF11C900A320019F384 /* BBWebViewTableViewCell.m in Sources */,
				85A73EA71C900A320019F384 /* BBBadgeTableViewCell.m in Sources */,
				85A73EC91C900A320019F384 /* BBImagePageRow.m in Sources */,
				85A73EB11C900A320019F384 /* BBCaptchaRow.m in Sources */,
			);
			runOnlyForDeploymentPostprocessing = 0;
		};
		85A73D971C8D5D930019F384 /* Sources */ = {
			isa = PBXSourcesBuildPhase;
			buildActionMask = 2147483647;
			files = (
				85A73DA01C8D5D930019F384 /* TrainTests.m in Sources */,
			);
			runOnlyForDeploymentPostprocessing = 0;
		};
		85A73DA21C8D5D930019F384 /* Sources */ = {
			isa = PBXSourcesBuildPhase;
			buildActionMask = 2147483647;
			files = (
				85A73DAB1C8D5D930019F384 /* TrainUITests.m in Sources */,
			);
			runOnlyForDeploymentPostprocessing = 0;
		};
/* End PBXSourcesBuildPhase section */

/* Begin PBXTargetDependency section */
		85A73D9D1C8D5D930019F384 /* PBXTargetDependency */ = {
			isa = PBXTargetDependency;
			target = 85A73D811C8D5D930019F384 /* Train */;
			targetProxy = 85A73D9C1C8D5D930019F384 /* PBXContainerItemProxy */;
		};
		85A73DA81C8D5D930019F384 /* PBXTargetDependency */ = {
			isa = PBXTargetDependency;
			target = 85A73D811C8D5D930019F384 /* Train */;
			targetProxy = 85A73DA71C8D5D930019F384 /* PBXContainerItemProxy */;
		};
/* End PBXTargetDependency section */

/* Begin PBXVariantGroup section */
		85A73D8E1C8D5D930019F384 /* Main.storyboard */ = {
			isa = PBXVariantGroup;
			children = (
				85A73D8F1C8D5D930019F384 /* Base */,
			);
			name = Main.storyboard;
			sourceTree = "<group>";
		};
		85A73D931C8D5D930019F384 /* LaunchScreen.storyboard */ = {
			isa = PBXVariantGroup;
			children = (
				85A73D941C8D5D930019F384 /* Base */,
			);
			name = LaunchScreen.storyboard;
			sourceTree = "<group>";
		};
/* End PBXVariantGroup section */

/* Begin XCBuildConfiguration section */
		85A73DAD1C8D5D930019F384 /* Debug */ = {
			isa = XCBuildConfiguration;
			buildSettings = {
				ALWAYS_SEARCH_USER_PATHS = NO;
				CLANG_CXX_LANGUAGE_STANDARD = "gnu++0x";
				CLANG_CXX_LIBRARY = "libc++";
				CLANG_ENABLE_MODULES = YES;
				CLANG_ENABLE_OBJC_ARC = YES;
				CLANG_WARN_BOOL_CONVERSION = YES;
				CLANG_WARN_CONSTANT_CONVERSION = YES;
				CLANG_WARN_DIRECT_OBJC_ISA_USAGE = YES_ERROR;
				CLANG_WARN_EMPTY_BODY = YES;
				CLANG_WARN_ENUM_CONVERSION = YES;
				CLANG_WARN_INT_CONVERSION = YES;
				CLANG_WARN_OBJC_ROOT_CLASS = YES_ERROR;
				CLANG_WARN_UNREACHABLE_CODE = YES;
				CLANG_WARN__DUPLICATE_METHOD_MATCH = YES;
				"CODE_SIGN_IDENTITY[sdk=iphoneos*]" = "iPhone Developer";
				COPY_PHASE_STRIP = NO;
				DEBUG_INFORMATION_FORMAT = dwarf;
				ENABLE_STRICT_OBJC_MSGSEND = YES;
				ENABLE_TESTABILITY = YES;
				GCC_C_LANGUAGE_STANDARD = gnu99;
				GCC_DYNAMIC_NO_PIC = NO;
				GCC_NO_COMMON_BLOCKS = YES;
				GCC_OPTIMIZATION_LEVEL = 0;
				GCC_PREPROCESSOR_DEFINITIONS = (
					"DEBUG=1",
					"$(inherited)",
				);
				GCC_WARN_64_TO_32_BIT_CONVERSION = YES;
				GCC_WARN_ABOUT_RETURN_TYPE = YES_ERROR;
				GCC_WARN_UNDECLARED_SELECTOR = YES;
				GCC_WARN_UNINITIALIZED_AUTOS = YES_AGGRESSIVE;
				GCC_WARN_UNUSED_FUNCTION = YES;
				GCC_WARN_UNUSED_VARIABLE = YES;
				IPHONEOS_DEPLOYMENT_TARGET = 9.2;
				MTL_ENABLE_DEBUG_INFO = YES;
				ONLY_ACTIVE_ARCH = YES;
				SDKROOT = iphoneos;
			};
			name = Debug;
		};
		85A73DAE1C8D5D930019F384 /* Release */ = {
			isa = XCBuildConfiguration;
			buildSettings = {
				ALWAYS_SEARCH_USER_PATHS = NO;
				CLANG_CXX_LANGUAGE_STANDARD = "gnu++0x";
				CLANG_CXX_LIBRARY = "libc++";
				CLANG_ENABLE_MODULES = YES;
				CLANG_ENABLE_OBJC_ARC = YES;
				CLANG_WARN_BOOL_CONVERSION = YES;
				CLANG_WARN_CONSTANT_CONVERSION = YES;
				CLANG_WARN_DIRECT_OBJC_ISA_USAGE = YES_ERROR;
				CLANG_WARN_EMPTY_BODY = YES;
				CLANG_WARN_ENUM_CONVERSION = YES;
				CLANG_WARN_INT_CONVERSION = YES;
				CLANG_WARN_OBJC_ROOT_CLASS = YES_ERROR;
				CLANG_WARN_UNREACHABLE_CODE = YES;
				CLANG_WARN__DUPLICATE_METHOD_MATCH = YES;
				"CODE_SIGN_IDENTITY[sdk=iphoneos*]" = "iPhone Developer";
				COPY_PHASE_STRIP = NO;
				DEBUG_INFORMATION_FORMAT = "dwarf-with-dsym";
				ENABLE_NS_ASSERTIONS = NO;
				ENABLE_STRICT_OBJC_MSGSEND = YES;
				GCC_C_LANGUAGE_STANDARD = gnu99;
				GCC_NO_COMMON_BLOCKS = YES;
				GCC_WARN_64_TO_32_BIT_CONVERSION = YES;
				GCC_WARN_ABOUT_RETURN_TYPE = YES_ERROR;
				GCC_WARN_UNDECLARED_SELECTOR = YES;
				GCC_WARN_UNINITIALIZED_AUTOS = YES_AGGRESSIVE;
				GCC_WARN_UNUSED_FUNCTION = YES;
				GCC_WARN_UNUSED_VARIABLE = YES;
				IPHONEOS_DEPLOYMENT_TARGET = 9.2;
				MTL_ENABLE_DEBUG_INFO = NO;
				SDKROOT = iphoneos;
				VALIDATE_PRODUCT = YES;
			};
			name = Release;
		};
		85A73DB01C8D5D930019F384 /* Debug */ = {
			isa = XCBuildConfiguration;
			buildSettings = {
				ASSETCATALOG_COMPILER_APPICON_NAME = AppIcon;
				INFOPLIST_FILE = Train/Info.plist;
				LD_RUNPATH_SEARCH_PATHS = "$(inherited) @executable_path/Frameworks";
				PRODUCT_BUNDLE_IDENTIFIER = cn.suanya.zhixingHC.Train;
				PRODUCT_NAME = "$(TARGET_NAME)";
			};
			name = Debug;
		};
		85A73DB11C8D5D930019F384 /* Release */ = {
			isa = XCBuildConfiguration;
			buildSettings = {
				ASSETCATALOG_COMPILER_APPICON_NAME = AppIcon;
				INFOPLIST_FILE = Train/Info.plist;
				LD_RUNPATH_SEARCH_PATHS = "$(inherited) @executable_path/Frameworks";
				PRODUCT_BUNDLE_IDENTIFIER = cn.suanya.zhixingHC.Train;
				PRODUCT_NAME = "$(TARGET_NAME)";
			};
			name = Release;
		};
		85A73DB31C8D5D930019F384 /* Debug */ = {
			isa = XCBuildConfiguration;
			buildSettings = {
				BUNDLE_LOADER = "$(TEST_HOST)";
				INFOPLIST_FILE = TrainTests/Info.plist;
				LD_RUNPATH_SEARCH_PATHS = "$(inherited) @executable_path/Frameworks @loader_path/Frameworks";
				PRODUCT_BUNDLE_IDENTIFIER = cn.suanya.zhixingHC.TrainTests;
				PRODUCT_NAME = "$(TARGET_NAME)";
				TEST_HOST = "$(BUILT_PRODUCTS_DIR)/Train.app/Train";
			};
			name = Debug;
		};
		85A73DB41C8D5D930019F384 /* Release */ = {
			isa = XCBuildConfiguration;
			buildSettings = {
				BUNDLE_LOADER = "$(TEST_HOST)";
				INFOPLIST_FILE = TrainTests/Info.plist;
				LD_RUNPATH_SEARCH_PATHS = "$(inherited) @executable_path/Frameworks @loader_path/Frameworks";
				PRODUCT_BUNDLE_IDENTIFIER = cn.suanya.zhixingHC.TrainTests;
				PRODUCT_NAME = "$(TARGET_NAME)";
				TEST_HOST = "$(BUILT_PRODUCTS_DIR)/Train.app/Train";
			};
			name = Release;
		};
		85A73DB61C8D5D930019F384 /* Debug */ = {
			isa = XCBuildConfiguration;
			buildSettings = {
				INFOPLIST_FILE = TrainUITests/Info.plist;
				LD_RUNPATH_SEARCH_PATHS = "$(inherited) @executable_path/Frameworks @loader_path/Frameworks";
				PRODUCT_BUNDLE_IDENTIFIER = cn.suanya.zhixingHC.TrainUITests;
				PRODUCT_NAME = "$(TARGET_NAME)";
				TEST_TARGET_NAME = Train;
				USES_XCTRUNNER = YES;
			};
			name = Debug;
		};
		85A73DB71C8D5D930019F384 /* Release */ = {
			isa = XCBuildConfiguration;
			buildSettings = {
				INFOPLIST_FILE = TrainUITests/Info.plist;
				LD_RUNPATH_SEARCH_PATHS = "$(inherited) @executable_path/Frameworks @loader_path/Frameworks";
				PRODUCT_BUNDLE_IDENTIFIER = cn.suanya.zhixingHC.TrainUITests;
				PRODUCT_NAME = "$(TARGET_NAME)";
				TEST_TARGET_NAME = Train;
				USES_XCTRUNNER = YES;
			};
			name = Release;
		};
/* End XCBuildConfiguration section */

/* Begin XCConfigurationList section */
		85A73D7D1C8D5D930019F384 /* Build configuration list for PBXProject "Train" */ = {
			isa = XCConfigurationList;
			buildConfigurations = (
				85A73DAD1C8D5D930019F384 /* Debug */,
				85A73DAE1C8D5D930019F384 /* Release */,
			);
			defaultConfigurationIsVisible = 0;
			defaultConfigurationName = Release;
		};
		85A73DAF1C8D5D930019F384 /* Build configuration list for PBXNativeTarget "Train" */ = {
			isa = XCConfigurationList;
			buildConfigurations = (
				85A73DB01C8D5D930019F384 /* Debug */,
				85A73DB11C8D5D930019F384 /* Release */,
			);
			defaultConfigurationIsVisible = 0;
			defaultConfigurationName = Release;
		};
		85A73DB21C8D5D930019F384 /* Build configuration list for PBXNativeTarget "TrainTests" */ = {
			isa = XCConfigurationList;
			buildConfigurations = (
				85A73DB31C8D5D930019F384 /* Debug */,
				85A73DB41C8D5D930019F384 /* Release */,
			);
			defaultConfigurationIsVisible = 0;
			defaultConfigurationName = Release;
		};
		85A73DB51C8D5D930019F384 /* Build configuration list for PBXNativeTarget "TrainUITests" */ = {
			isa = XCConfigurationList;
			buildConfigurations = (
				85A73DB61C8D5D930019F384 /* Debug */,
				85A73DB71C8D5D930019F384 /* Release */,
			);
			defaultConfigurationIsVisible = 0;
			defaultConfigurationName = Release;
		};
/* End XCConfigurationList section */
	};
	rootObject = 85A73D7A1C8D5D930019F384 /* Project object */;
}
